// !$*UTF8*$!
{
	archiveVersion = 1;
	classes = {
	};
	objectVersion = 77;
	objects = {

/* Begin PBXContainerItemProxy section */
		CC67EFCE2D59C1F000E4172F /* PBXContainerItemProxy */ = {
			isa = PBXContainerItemProxy;
			containerPortal = CC67EFB52D59C1EF00E4172F /* Project object */;
			proxyType = 1;
			remoteGlobalIDString = CC67EFBC2D59C1EF00E4172F;
			remoteInfo = SwiftUIDay01ex04;
		};
		CC67EFD82D59C1F000E4172F /* PBXContainerItemProxy */ = {
			isa = PBXContainerItemProxy;
			containerPortal = CC67EFB52D59C1EF00E4172F /* Project object */;
			proxyType = 1;
			remoteGlobalIDString = CC67EFBC2D59C1EF00E4172F;
			remoteInfo = SwiftUIDay01ex04;
		};
/* End PBXContainerItemProxy section */

/* Begin PBXFileReference section */
		CC67EFBD2D59C1EF00E4172F /* SwiftUIDay01ex04.app */ = {isa = PBXFileReference; explicitFileType = wrapper.application; includeInIndex = 0; path = SwiftUIDay01ex04.app; sourceTree = BUILT_PRODUCTS_DIR; };
		CC67EFCD2D59C1F000E4172F /* SwiftUIDay01ex04Tests.xctest */ = {isa = PBXFileReference; explicitFileType = wrapper.cfbundle; includeInIndex = 0; path = SwiftUIDay01ex04Tests.xctest; sourceTree = BUILT_PRODUCTS_DIR; };
		CC67EFD72D59C1F000E4172F /* SwiftUIDay01ex04UITests.xctest */ = {isa = PBXFileReference; explicitFileType = wrapper.cfbundle; includeInIndex = 0; path = SwiftUIDay01ex04UITests.xctest; sourceTree = BUILT_PRODUCTS_DIR; };
/* End PBXFileReference section */

/* Begin PBXFileSystemSynchronizedRootGroup section */
		CC67EFBF2D59C1EF00E4172F /* SwiftUIDay01ex04 */ = {
			isa = PBXFileSystemSynchronizedRootGroup;
			path = SwiftUIDay01ex04;
			sourceTree = "<group>";
		};
		CC67EFD02D59C1F000E4172F /* SwiftUIDay01ex04Tests */ = {
			isa = PBXFileSystemSynchronizedRootGroup;
			path = SwiftUIDay01ex04Tests;
			sourceTree = "<group>";
		};
		CC67EFDA2D59C1F000E4172F /* SwiftUIDay01ex04UITests */ = {
			isa = PBXFileSystemSynchronizedRootGroup;
			path = SwiftUIDay01ex04UITests;
			sourceTree = "<group>";
		};
/* End PBXFileSystemSynchronizedRootGroup section */

/* Begin PBXFrameworksBuildPhase section */
		CC67EFBA2D59C1EF00E4172F /* Frameworks */ = {
			isa = PBXFrameworksBuildPhase;
			buildActionMask = 2147483647;
			files = (
			);
			runOnlyForDeploymentPostprocessing = 0;
		};
		CC67EFCA2D59C1F000E4172F /* Frameworks */ = {
			isa = PBXFrameworksBuildPhase;
			buildActionMask = 2147483647;
			files = (
			);
			runOnlyForDeploymentPostprocessing = 0;
		};
		CC67EFD42D59C1F000E4172F /* Frameworks */ = {
			isa = PBXFrameworksBuildPhase;
			buildActionMask = 2147483647;
			files = (
			);
			runOnlyForDeploymentPostprocessing = 0;
		};
/* End PBXFrameworksBuildPhase section */

/* Begin PBXGroup section */
		CC67EFB42D59C1EF00E4172F = {
			isa = PBXGroup;
			children = (
				CC67EFBF2D59C1EF00E4172F /* SwiftUIDay01ex04 */,
				CC67EFD02D59C1F000E4172F /* SwiftUIDay01ex04Tests */,
				CC67EFDA2D59C1F000E4172F /* SwiftUIDay01ex04UITests */,
				CC67EFBE2D59C1EF00E4172F /* Products */,
			);
			sourceTree = "<group>";
		};
		CC67EFBE2D59C1EF00E4172F /* Products */ = {
			isa = PBXGroup;
			children = (
				CC67EFBD2D59C1EF00E4172F /* SwiftUIDay01ex04.app */,
				CC67EFCD2D59C1F000E4172F /* SwiftUIDay01ex04Tests.xctest */,
				CC67EFD72D59C1F000E4172F /* SwiftUIDay01ex04UITests.xctest */,
			);
			name = Products;
			sourceTree = "<group>";
		};
/* End PBXGroup section */

/* Begin PBXNativeTarget section */
		CC67EFBC2D59C1EF00E4172F /* SwiftUIDay01ex04 */ = {
			isa = PBXNativeTarget;
			buildConfigurationList = CC67EFE12D59C1F000E4172F /* Build configuration list for PBXNativeTarget "SwiftUIDay01ex04" */;
			buildPhases = (
				CC67EFB92D59C1EF00E4172F /* Sources */,
				CC67EFBA2D59C1EF00E4172F /* Frameworks */,
				CC67EFBB2D59C1EF00E4172F /* Resources */,
			);
			buildRules = (
			);
			dependencies = (
			);
			fileSystemSynchronizedGroups = (
				CC67EFBF2D59C1EF00E4172F /* SwiftUIDay01ex04 */,
			);
			name = SwiftUIDay01ex04;
			packageProductDependencies = (
			);
			productName = SwiftUIDay01ex04;
			productReference = CC67EFBD2D59C1EF00E4172F /* SwiftUIDay01ex04.app */;
			productType = "com.apple.product-type.application";
		};
		CC67EFCC2D59C1F000E4172F /* SwiftUIDay01ex04Tests */ = {
			isa = PBXNativeTarget;
			buildConfigurationList = CC67EFE42D59C1F000E4172F /* Build configuration list for PBXNativeTarget "SwiftUIDay01ex04Tests" */;
			buildPhases = (
				CC67EFC92D59C1F000E4172F /* Sources */,
				CC67EFCA2D59C1F000E4172F /* Frameworks */,
				CC67EFCB2D59C1F000E4172F /* Resources */,
			);
			buildRules = (
			);
			dependencies = (
				CC67EFCF2D59C1F000E4172F /* PBXTargetDependency */,
			);
			fileSystemSynchronizedGroups = (
				CC67EFD02D59C1F000E4172F /* SwiftUIDay01ex04Tests */,
			);
			name = SwiftUIDay01ex04Tests;
			packageProductDependencies = (
			);
			productName = SwiftUIDay01ex04Tests;
			productReference = CC67EFCD2D59C1F000E4172F /* SwiftUIDay01ex04Tests.xctest */;
			productType = "com.apple.product-type.bundle.unit-test";
		};
		CC67EFD62D59C1F000E4172F /* SwiftUIDay01ex04UITests */ = {
			isa = PBXNativeTarget;
			buildConfigurationList = CC67EFE72D59C1F000E4172F /* Build configuration list for PBXNativeTarget "SwiftUIDay01ex04UITests" */;
			buildPhases = (
				CC67EFD32D59C1F000E4172F /* Sources */,
				CC67EFD42D59C1F000E4172F /* Frameworks */,
				CC67EFD52D59C1F000E4172F /* Resources */,
			);
			buildRules = (
			);
			dependencies = (
				CC67EFD92D59C1F000E4172F /* PBXTargetDependency */,
			);
			fileSystemSynchronizedGroups = (
				CC67EFDA2D59C1F000E4172F /* SwiftUIDay01ex04UITests */,
			);
			name = SwiftUIDay01ex04UITests;
			packageProductDependencies = (
			);
			productName = SwiftUIDay01ex04UITests;
			productReference = CC67EFD72D59C1F000E4172F /* SwiftUIDay01ex04UITests.xctest */;
			productType = "com.apple.product-type.bundle.ui-testing";
		};
/* End PBXNativeTarget section */

/* Begin PBXProject section */
		CC67EFB52D59C1EF00E4172F /* Project object */ = {
			isa = PBXProject;
			attributes = {
				BuildIndependentTargetsInParallel = 1;
				LastSwiftUpdateCheck = 1620;
				LastUpgradeCheck = 1620;
				TargetAttributes = {
					CC67EFBC2D59C1EF00E4172F = {
						CreatedOnToolsVersion = 16.2;
					};
					CC67EFCC2D59C1F000E4172F = {
						CreatedOnToolsVersion = 16.2;
						TestTargetID = CC67EFBC2D59C1EF00E4172F;
					};
					CC67EFD62D59C1F000E4172F = {
						CreatedOnToolsVersion = 16.2;
						TestTargetID = CC67EFBC2D59C1EF00E4172F;
					};
				};
			};
			buildConfigurationList = CC67EFB82D59C1EF00E4172F /* Build configuration list for PBXProject "SwiftUIDay01ex04" */;
			developmentRegion = en;
			hasScannedForEncodings = 0;
			knownRegions = (
				en,
				Base,
			);
			mainGroup = CC67EFB42D59C1EF00E4172F;
			minimizedProjectReferenceProxies = 1;
			preferredProjectObjectVersion = 77;
			productRefGroup = CC67EFBE2D59C1EF00E4172F /* Products */;
			projectDirPath = "";
			projectRoot = "";
			targets = (
				CC67EFBC2D59C1EF00E4172F /* SwiftUIDay01ex04 */,
				CC67EFCC2D59C1F000E4172F /* SwiftUIDay01ex04Tests */,
				CC67EFD62D59C1F000E4172F /* SwiftUIDay01ex04UITests */,
			);
		};
/* End PBXProject section */

/* Begin PBXResourcesBuildPhase section */
		CC67EFBB2D59C1EF00E4172F /* Resources */ = {
			isa = PBXResourcesBuildPhase;
			buildActionMask = 2147483647;
			files = (
			);
			runOnlyForDeploymentPostprocessing = 0;
		};
		CC67EFCB2D59C1F000E4172F /* Resources */ = {
			isa = PBXResourcesBuildPhase;
			buildActionMask = 2147483647;
			files = (
			);
			runOnlyForDeploymentPostprocessing = 0;
		};
		CC67EFD52D59C1F000E4172F /* Resources */ = {
			isa = PBXResourcesBuildPhase;
			buildActionMask = 2147483647;
			files = (
			);
			runOnlyForDeploymentPostprocessing = 0;
		};
/* End PBXResourcesBuildPhase section */

/* Begin PBXSourcesBuildPhase section */
		CC67EFB92D59C1EF00E4172F /* Sources */ = {
			isa = PBXSourcesBuildPhase;
			buildActionMask = 2147483647;
			files = (
			);
			runOnlyForDeploymentPostprocessing = 0;
		};
		CC67EFC92D59C1F000E4172F /* Sources */ = {
			isa = PBXSourcesBuildPhase;
			buildActionMask = 2147483647;
			files = (
			);
			runOnlyForDeploymentPostprocessing = 0;
		};
		CC67EFD32D59C1F000E4172F /* Sources */ = {
			isa = PBXSourcesBuildPhase;
			buildActionMask = 2147483647;
			files = (
			);
			runOnlyForDeploymentPostprocessing = 0;
		};
/* End PBXSourcesBuildPhase section */

/* Begin PBXTargetDependency section */
		CC67EFCF2D59C1F000E4172F /* PBXTargetDependency */ = {
			isa = PBXTargetDependency;
			target = CC67EFBC2D59C1EF00E4172F /* SwiftUIDay01ex04 */;
			targetProxy = CC67EFCE2D59C1F000E4172F /* PBXContainerItemProxy */;
		};
		CC67EFD92D59C1F000E4172F /* PBXTargetDependency */ = {
			isa = PBXTargetDependency;
			target = CC67EFBC2D59C1EF00E4172F /* SwiftUIDay01ex04 */;
			targetProxy = CC67EFD82D59C1F000E4172F /* PBXContainerItemProxy */;
		};
/* End PBXTargetDependency section */

/* Begin XCBuildConfiguration section */
		CC67EFDF2D59C1F000E4172F /* Debug */ = {
			isa = XCBuildConfiguration;
			buildSettings = {
				ALWAYS_SEARCH_USER_PATHS = NO;
				ASSETCATALOG_COMPILER_GENERATE_SWIFT_ASSET_SYMBOL_EXTENSIONS = YES;
				CLANG_ANALYZER_NONNULL = YES;
				CLANG_ANALYZER_NUMBER_OBJECT_CONVERSION = YES_AGGRESSIVE;
				CLANG_CXX_LANGUAGE_STANDARD = "gnu++20";
				CLANG_ENABLE_MODULES = YES;
				CLANG_ENABLE_OBJC_ARC = YES;
				CLANG_ENABLE_OBJC_WEAK = YES;
				CLANG_WARN_BLOCK_CAPTURE_AUTORELEASING = YES;
				CLANG_WARN_BOOL_CONVERSION = YES;
				CLANG_WARN_COMMA = YES;
				CLANG_WARN_CONSTANT_CONVERSION = YES;
				CLANG_WARN_DEPRECATED_OBJC_IMPLEMENTATIONS = YES;
				CLANG_WARN_DIRECT_OBJC_ISA_USAGE = YES_ERROR;
				CLANG_WARN_DOCUMENTATION_COMMENTS = YES;
				CLANG_WARN_EMPTY_BODY = YES;
				CLANG_WARN_ENUM_CONVERSION = YES;
				CLANG_WARN_INFINITE_RECURSION = YES;
				CLANG_WARN_INT_CONVERSION = YES;
				CLANG_WARN_NON_LITERAL_NULL_CONVERSION = YES;
				CLANG_WARN_OBJC_IMPLICIT_RETAIN_SELF = YES;
				CLANG_WARN_OBJC_LITERAL_CONVERSION = YES;
				CLANG_WARN_OBJC_ROOT_CLASS = YES_ERROR;
				CLANG_WARN_QUOTED_INCLUDE_IN_FRAMEWORK_HEADER = YES;
				CLANG_WARN_RANGE_LOOP_ANALYSIS = YES;
				CLANG_WARN_STRICT_PROTOTYPES = YES;
				CLANG_WARN_SUSPICIOUS_MOVE = YES;
				CLANG_WARN_UNGUARDED_AVAILABILITY = YES_AGGRESSIVE;
				CLANG_WARN_UNREACHABLE_CODE = YES;
				CLANG_WARN__DUPLICATE_METHOD_MATCH = YES;
				COPY_PHASE_STRIP = NO;
				DEBUG_INFORMATION_FORMAT = dwarf;
				ENABLE_STRICT_OBJC_MSGSEND = YES;
				ENABLE_TESTABILITY = YES;
				ENABLE_USER_SCRIPT_SANDBOXING = YES;
				GCC_C_LANGUAGE_STANDARD = gnu17;
				GCC_DYNAMIC_NO_PIC = NO;
				GCC_NO_COMMON_BLOCKS = YES;
				GCC_OPTIMIZATION_LEVEL = 0;
				GCC_PREPROCESSOR_DEFINITIONS = (
					"DEBUG=1",
					"$(inherited)",
				);
				GCC_WARN_64_TO_32_BIT_CONVERSION = YES;
				GCC_WARN_ABOUT_RETURN_TYPE = YES_ERROR;
				GCC_WARN_UNDECLARED_SELECTOR = YES;
				GCC_WARN_UNINITIALIZED_AUTOS = YES_AGGRESSIVE;
				GCC_WARN_UNUSED_FUNCTION = YES;
				GCC_WARN_UNUSED_VARIABLE = YES;
				IPHONEOS_DEPLOYMENT_TARGET = 18.2;
				LOCALIZATION_PREFERS_STRING_CATALOGS = YES;
				MTL_ENABLE_DEBUG_INFO = INCLUDE_SOURCE;
				MTL_FAST_MATH = YES;
				ONLY_ACTIVE_ARCH = YES;
				SDKROOT = iphoneos;
				SWIFT_ACTIVE_COMPILATION_CONDITIONS = "DEBUG $(inherited)";
				SWIFT_OPTIMIZATION_LEVEL = "-Onone";
			};
			name = Debug;
		};
		CC67EFE02D59C1F000E4172F /* Release */ = {
			isa = XCBuildConfiguration;
			buildSettings = {
				ALWAYS_SEARCH_USER_PATHS = NO;
				ASSETCATALOG_COMPILER_GENERATE_SWIFT_ASSET_SYMBOL_EXTENSIONS = YES;
				CLANG_ANALYZER_NONNULL = YES;
				CLANG_ANALYZER_NUMBER_OBJECT_CONVERSION = YES_AGGRESSIVE;
				CLANG_CXX_LANGUAGE_STANDARD = "gnu++20";
				CLANG_ENABLE_MODULES = YES;
				CLANG_ENABLE_OBJC_ARC = YES;
				CLANG_ENABLE_OBJC_WEAK = YES;
				CLANG_WARN_BLOCK_CAPTURE_AUTORELEASING = YES;
				CLANG_WARN_BOOL_CONVERSION = YES;
				CLANG_WARN_COMMA = YES;
				CLANG_WARN_CONSTANT_CONVERSION = YES;
				CLANG_WARN_DEPRECATED_OBJC_IMPLEMENTATIONS = YES;
				CLANG_WARN_DIRECT_OBJC_ISA_USAGE = YES_ERROR;
				CLANG_WARN_DOCUMENTATION_COMMENTS = YES;
				CLANG_WARN_EMPTY_BODY = YES;
				CLANG_WARN_ENUM_CONVERSION = YES;
				CLANG_WARN_INFINITE_RECURSION = YES;
				CLANG_WARN_INT_CONVERSION = YES;
				CLANG_WARN_NON_LITERAL_NULL_CONVERSION = YES;
				CLANG_WARN_OBJC_IMPLICIT_RETAIN_SELF = YES;
				CLANG_WARN_OBJC_LITERAL_CONVERSION = YES;
				CLANG_WARN_OBJC_ROOT_CLASS = YES_ERROR;
				CLANG_WARN_QUOTED_INCLUDE_IN_FRAMEWORK_HEADER = YES;
				CLANG_WARN_RANGE_LOOP_ANALYSIS = YES;
				CLANG_WARN_STRICT_PROTOTYPES = YES;
				CLANG_WARN_SUSPICIOUS_MOVE = YES;
				CLANG_WARN_UNGUARDED_AVAILABILITY = YES_AGGRESSIVE;
				CLANG_WARN_UNREACHABLE_CODE = YES;
				CLANG_WARN__DUPLICATE_METHOD_MATCH = YES;
				COPY_PHASE_STRIP = NO;
				DEBUG_INFORMATION_FORMAT = "dwarf-with-dsym";
				ENABLE_NS_ASSERTIONS = NO;
				ENABLE_STRICT_OBJC_MSGSEND = YES;
				ENABLE_USER_SCRIPT_SANDBOXING = YES;
				GCC_C_LANGUAGE_STANDARD = gnu17;
				GCC_NO_COMMON_BLOCKS = YES;
				GCC_WARN_64_TO_32_BIT_CONVERSION = YES;
				GCC_WARN_ABOUT_RETURN_TYPE = YES_ERROR;
				GCC_WARN_UNDECLARED_SELECTOR = YES;
				GCC_WARN_UNINITIALIZED_AUTOS = YES_AGGRESSIVE;
				GCC_WARN_UNUSED_FUNCTION = YES;
				GCC_WARN_UNUSED_VARIABLE = YES;
				IPHONEOS_DEPLOYMENT_TARGET = 18.2;
				LOCALIZATION_PREFERS_STRING_CATALOGS = YES;
				MTL_ENABLE_DEBUG_INFO = NO;
				MTL_FAST_MATH = YES;
				SDKROOT = iphoneos;
				SWIFT_COMPILATION_MODE = wholemodule;
				VALIDATE_PRODUCT = YES;
			};
			name = Release;
		};
		CC67EFE22D59C1F000E4172F /* Debug */ = {
			isa = XCBuildConfiguration;
			buildSettings = {
				ASSETCATALOG_COMPILER_APPICON_NAME = AppIcon;
				ASSETCATALOG_COMPILER_GLOBAL_ACCENT_COLOR_NAME = AccentColor;
				CODE_SIGN_STYLE = Automatic;
				CURRENT_PROJECT_VERSION = 1;
				DEVELOPMENT_ASSET_PATHS = "\"SwiftUIDay01ex04/Preview Content\"";
				DEVELOPMENT_TEAM = LH45FV4TNM;
				ENABLE_PREVIEWS = YES;
				GENERATE_INFOPLIST_FILE = YES;
				INFOPLIST_KEY_UIApplicationSceneManifest_Generation = YES;
				INFOPLIST_KEY_UIApplicationSupportsIndirectInputEvents = YES;
				INFOPLIST_KEY_UILaunchScreen_Generation = YES;
				INFOPLIST_KEY_UISupportedInterfaceOrientations_iPad = "UIInterfaceOrientationPortrait UIInterfaceOrientationPortraitUpsideDown UIInterfaceOrientationLandscapeLeft UIInterfaceOrientationLandscapeRight";
				INFOPLIST_KEY_UISupportedInterfaceOrientations_iPhone = "UIInterfaceOrientationPortrait UIInterfaceOrientationLandscapeLeft UIInterfaceOrientationLandscapeRight";
				LD_RUNPATH_SEARCH_PATHS = (
					"$(inherited)",
					"@executable_path/Frameworks",
				);
				MARKETING_VERSION = 1.0;
				PRODUCT_BUNDLE_IDENTIFIER = org.comstudy.myapp.SwiftUIDay01ex04;
				PRODUCT_NAME = "$(TARGET_NAME)";
				SWIFT_EMIT_LOC_STRINGS = YES;
				SWIFT_VERSION = 5.0;
				TARGETED_DEVICE_FAMILY = "1,2";
			};
			name = Debug;
		};
		CC67EFE32D59C1F000E4172F /* Release */ = {
			isa = XCBuildConfiguration;
			buildSettings = {
				ASSETCATALOG_COMPILER_APPICON_NAME = AppIcon;
				ASSETCATALOG_COMPILER_GLOBAL_ACCENT_COLOR_NAME = AccentColor;
				CODE_SIGN_STYLE = Automatic;
				CURRENT_PROJECT_VERSION = 1;
				DEVELOPMENT_ASSET_PATHS = "\"SwiftUIDay01ex04/Preview Content\"";
				DEVELOPMENT_TEAM = LH45FV4TNM;
				ENABLE_PREVIEWS = YES;
				GENERATE_INFOPLIST_FILE = YES;
				INFOPLIST_KEY_UIApplicationSceneManifest_Generation = YES;
				INFOPLIST_KEY_UIApplicationSupportsIndirectInputEvents = YES;
				INFOPLIST_KEY_UILaunchScreen_Generation = YES;
				INFOPLIST_KEY_UISupportedInterfaceOrientations_iPad = "UIInterfaceOrientationPortrait UIInterfaceOrientationPortraitUpsideDown UIInterfaceOrientationLandscapeLeft UIInterfaceOrientationLandscapeRight";
				INFOPLIST_KEY_UISupportedInterfaceOrientations_iPhone = "UIInterfaceOrientationPortrait UIInterfaceOrientationLandscapeLeft UIInterfaceOrientationLandscapeRight";
				LD_RUNPATH_SEARCH_PATHS = (
					"$(inherited)",
					"@executable_path/Frameworks",
				);
				MARKETING_VERSION = 1.0;
				PRODUCT_BUNDLE_IDENTIFIER = org.comstudy.myapp.SwiftUIDay01ex04;
				PRODUCT_NAME = "$(TARGET_NAME)";
				SWIFT_EMIT_LOC_STRINGS = YES;
				SWIFT_VERSION = 5.0;
				TARGETED_DEVICE_FAMILY = "1,2";
			};
			name = Release;
		};
		CC67EFE52D59C1F000E4172F /* Debug */ = {
			isa = XCBuildConfiguration;
			buildSettings = {
				BUNDLE_LOADER = "$(TEST_HOST)";
				CODE_SIGN_STYLE = Automatic;
				CURRENT_PROJECT_VERSION = 1;
				DEVELOPMENT_TEAM = LH45FV4TNM;
				GENERATE_INFOPLIST_FILE = YES;
				IPHONEOS_DEPLOYMENT_TARGET = 18.2;
				MARKETING_VERSION = 1.0;
				PRODUCT_BUNDLE_IDENTIFIER = org.comstudy.myapp.SwiftUIDay01ex04Tests;
				PRODUCT_NAME = "$(TARGET_NAME)";
				SWIFT_EMIT_LOC_STRINGS = NO;
				SWIFT_VERSION = 5.0;
				TARGETED_DEVICE_FAMILY = "1,2";
				TEST_HOST = "$(BUILT_PRODUCTS_DIR)/SwiftUIDay01ex04.app/$(BUNDLE_EXECUTABLE_FOLDER_PATH)/SwiftUIDay01ex04";
			};
			name = Debug;
		};
		CC67EFE62D59C1F000E4172F /* Release */ = {
			isa = XCBuildConfiguration;
			buildSettings = {
				BUNDLE_LOADER = "$(TEST_HOST)";
				CODE_SIGN_STYLE = Automatic;
				CURRENT_PROJECT_VERSION = 1;
				DEVELOPMENT_TEAM = LH45FV4TNM;
				GENERATE_INFOPLIST_FILE = YES;
				IPHONEOS_DEPLOYMENT_TARGET = 18.2;
				MARKETING_VERSION = 1.0;
				PRODUCT_BUNDLE_IDENTIFIER = org.comstudy.myapp.SwiftUIDay01ex04Tests;
				PRODUCT_NAME = "$(TARGET_NAME)";
				SWIFT_EMIT_LOC_STRINGS = NO;
				SWIFT_VERSION = 5.0;
				TARGETED_DEVICE_FAMILY = "1,2";
				TEST_HOST = "$(BUILT_PRODUCTS_DIR)/SwiftUIDay01ex04.app/$(BUNDLE_EXECUTABLE_FOLDER_PATH)/SwiftUIDay01ex04";
			};
			name = Release;
		};
		CC67EFE82D59C1F000E4172F /* Debug */ = {
			isa = XCBuildConfiguration;
			buildSettings = {
				CODE_SIGN_STYLE = Automatic;
				CURRENT_PROJECT_VERSION = 1;
				DEVELOPMENT_TEAM = LH45FV4TNM;
				GENERATE_INFOPLIST_FILE = YES;
				MARKETING_VERSION = 1.0;
				PRODUCT_BUNDLE_IDENTIFIER = org.comstudy.myapp.SwiftUIDay01ex04UITests;
				PRODUCT_NAME = "$(TARGET_NAME)";
				SWIFT_EMIT_LOC_STRINGS = NO;
				SWIFT_VERSION = 5.0;
				TARGETED_DEVICE_FAMILY = "1,2";
				TEST_TARGET_NAME = SwiftUIDay01ex04;
			};
			name = Debug;
		};
		CC67EFE92D59C1F000E4172F /* Release */ = {
			isa = XCBuildConfiguration;
			buildSettings = {
				CODE_SIGN_STYLE = Automatic;
				CURRENT_PROJECT_VERSION = 1;
				DEVELOPMENT_TEAM = LH45FV4TNM;
				GENERATE_INFOPLIST_FILE = YES;
				MARKETING_VERSION = 1.0;
				PRODUCT_BUNDLE_IDENTIFIER = org.comstudy.myapp.SwiftUIDay01ex04UITests;
				PRODUCT_NAME = "$(TARGET_NAME)";
				SWIFT_EMIT_LOC_STRINGS = NO;
				SWIFT_VERSION = 5.0;
				TARGETED_DEVICE_FAMILY = "1,2";
				TEST_TARGET_NAME = SwiftUIDay01ex04;
			};
			name = Release;
		};
/* End XCBuildConfiguration section */

/* Begin XCConfigurationList section */
		CC67EFB82D59C1EF00E4172F /* Build configuration list for PBXProject "SwiftUIDay01ex04" */ = {
			isa = XCConfigurationList;
			buildConfigurations = (
				CC67EFDF2D59C1F000E4172F /* Debug */,
				CC67EFE02D59C1F000E4172F /* Release */,
			);
			defaultConfigurationIsVisible = 0;
			defaultConfigurationName = Release;
		};
		CC67EFE12D59C1F000E4172F /* Build configuration list for PBXNativeTarget "SwiftUIDay01ex04" */ = {
			isa = XCConfigurationList;
			buildConfigurations = (
				CC67EFE22D59C1F000E4172F /* Debug */,
				CC67EFE32D59C1F000E4172F /* Release */,
			);
			defaultConfigurationIsVisible = 0;
			defaultConfigurationName = Release;
		};
		CC67EFE42D59C1F000E4172F /* Build configuration list for PBXNativeTarget "SwiftUIDay01ex04Tests" */ = {
			isa = XCConfigurationList;
			buildConfigurations = (
				CC67EFE52D59C1F000E4172F /* Debug */,
				CC67EFE62D59C1F000E4172F /* Release */,
			);
			defaultConfigurationIsVisible = 0;
			defaultConfigurationName = Release;
		};
		CC67EFE72D59C1F000E4172F /* Build configuration list for PBXNativeTarget "SwiftUIDay01ex04UITests" */ = {
			isa = XCConfigurationList;
			buildConfigurations = (
				CC67EFE82D59C1F000E4172F /* Debug */,
				CC67EFE92D59C1F000E4172F /* Release */,
			);
			defaultConfigurationIsVisible = 0;
			defaultConfigurationName = Release;
		};
/* End XCConfigurationList section */
	};
	rootObject = CC67EFB52D59C1EF00E4172F /* Project object */;
}
