// !$*UTF8*$!
{
	archiveVersion = 1;
	classes = {
	};
	objectVersion = 77;
	objects = {

/* Begin PBXContainerItemProxy section */
		CC221FD92D75877300838ABE /* PBXContainerItemProxy */ = {
			isa = PBXContainerItemProxy;
			containerPortal = CC221FBA2D75877200838ABE /* Project object */;
			proxyType = 1;
			remoteGlobalIDString = CC221FC12D75877200838ABE;
			remoteInfo = MovieReviewApp;
		};
		CC221FE32D75877300838ABE /* PBXContainerItemProxy */ = {
			isa = PBXContainerItemProxy;
			containerPortal = CC221FBA2D75877200838ABE /* Project object */;
			proxyType = 1;
			remoteGlobalIDString = CC221FC12D75877200838ABE;
			remoteInfo = MovieReviewApp;
		};
/* End PBXContainerItemProxy section */

/* Begin PBXFileReference section */
		CC221FC22D75877200838ABE /* MovieReviewApp.app */ = {isa = PBXFileReference; explicitFileType = wrapper.application; includeInIndex = 0; path = MovieReviewApp.app; sourceTree = BUILT_PRODUCTS_DIR; };
		CC221FD82D75877300838ABE /* MovieReviewAppTests.xctest */ = {isa = PBXFileReference; explicitFileType = wrapper.cfbundle; includeInIndex = 0; path = MovieReviewAppTests.xctest; sourceTree = BUILT_PRODUCTS_DIR; };
		CC221FE22D75877300838ABE /* MovieReviewAppUITests.xctest */ = {isa = PBXFileReference; explicitFileType = wrapper.cfbundle; includeInIndex = 0; path = MovieReviewAppUITests.xctest; sourceTree = BUILT_PRODUCTS_DIR; };
/* End PBXFileReference section */

/* Begin PBXFileSystemSynchronizedBuildFileExceptionSet section */
		CC221FEA2D75877300838ABE /* Exceptions for "MovieReviewApp" folder in "MovieReviewApp" target */ = {
			isa = PBXFileSystemSynchronizedBuildFileExceptionSet;
			membershipExceptions = (
				Info.plist,
			);
			target = CC221FC12D75877200838ABE /* MovieReviewApp */;
		};
/* End PBXFileSystemSynchronizedBuildFileExceptionSet section */

/* Begin PBXFileSystemSynchronizedRootGroup section */
		CC221FC42D75877200838ABE /* MovieReviewApp */ = {
			isa = PBXFileSystemSynchronizedRootGroup;
			exceptions = (
				CC221FEA2D75877300838ABE /* Exceptions for "MovieReviewApp" folder in "MovieReviewApp" target */,
			);
			path = MovieReviewApp;
			sourceTree = "<group>";
		};
		CC221FDB2D75877300838ABE /* MovieReviewAppTests */ = {
			isa = PBXFileSystemSynchronizedRootGroup;
			path = MovieReviewAppTests;
			sourceTree = "<group>";
		};
		CC221FE52D75877300838ABE /* MovieReviewAppUITests */ = {
			isa = PBXFileSystemSynchronizedRootGroup;
			path = MovieReviewAppUITests;
			sourceTree = "<group>";
		};
/* End PBXFileSystemSynchronizedRootGroup section */

/* Begin PBXFrameworksBuildPhase section */
		CC221FBF2D75877200838ABE /* Frameworks */ = {
			isa = PBXFrameworksBuildPhase;
			buildActionMask = 2147483647;
			files = (
			);
			runOnlyForDeploymentPostprocessing = 0;
		};
		CC221FD52D75877300838ABE /* Frameworks */ = {
			isa = PBXFrameworksBuildPhase;
			buildActionMask = 2147483647;
			files = (
			);
			runOnlyForDeploymentPostprocessing = 0;
		};
		CC221FDF2D75877300838ABE /* Frameworks */ = {
			isa = PBXFrameworksBuildPhase;
			buildActionMask = 2147483647;
			files = (
			);
			runOnlyForDeploymentPostprocessing = 0;
		};
/* End PBXFrameworksBuildPhase section */

/* Begin PBXGroup section */
		CC221FB92D75877200838ABE = {
			isa = PBXGroup;
			children = (
				CC221FC42D75877200838ABE /* MovieReviewApp */,
				CC221FDB2D75877300838ABE /* MovieReviewAppTests */,
				CC221FE52D75877300838ABE /* MovieReviewAppUITests */,
				CC221FC32D75877200838ABE /* Products */,
			);
			sourceTree = "<group>";
		};
		CC221FC32D75877200838ABE /* Products */ = {
			isa = PBXGroup;
			children = (
				CC221FC22D75877200838ABE /* MovieReviewApp.app */,
				CC221FD82D75877300838ABE /* MovieReviewAppTests.xctest */,
				CC221FE22D75877300838ABE /* MovieReviewAppUITests.xctest */,
			);
			name = Products;
			sourceTree = "<group>";
		};
/* End PBXGroup section */

/* Begin PBXNativeTarget section */
		CC221FC12D75877200838ABE /* MovieReviewApp */ = {
			isa = PBXNativeTarget;
			buildConfigurationList = CC221FEB2D75877300838ABE /* Build configuration list for PBXNativeTarget "MovieReviewApp" */;
			buildPhases = (
				CC221FBE2D75877200838ABE /* Sources */,
				CC221FBF2D75877200838ABE /* Frameworks */,
				CC221FC02D75877200838ABE /* Resources */,
			);
			buildRules = (
			);
			dependencies = (
			);
			fileSystemSynchronizedGroups = (
				CC221FC42D75877200838ABE /* MovieReviewApp */,
			);
			name = MovieReviewApp;
			packageProductDependencies = (
			);
			productName = MovieReviewApp;
			productReference = CC221FC22D75877200838ABE /* MovieReviewApp.app */;
			productType = "com.apple.product-type.application";
		};
		CC221FD72D75877300838ABE /* MovieReviewAppTests */ = {
			isa = PBXNativeTarget;
			buildConfigurationList = CC221FF02D75877300838ABE /* Build configuration list for PBXNativeTarget "MovieReviewAppTests" */;
			buildPhases = (
				CC221FD42D75877300838ABE /* Sources */,
				CC221FD52D75877300838ABE /* Frameworks */,
				CC221FD62D75877300838ABE /* Resources */,
			);
			buildRules = (
			);
			dependencies = (
				CC221FDA2D75877300838ABE /* PBXTargetDependency */,
			);
			fileSystemSynchronizedGroups = (
				CC221FDB2D75877300838ABE /* MovieReviewAppTests */,
			);
			name = MovieReviewAppTests;
			packageProductDependencies = (
			);
			productName = MovieReviewAppTests;
			productReference = CC221FD82D75877300838ABE /* MovieReviewAppTests.xctest */;
			productType = "com.apple.product-type.bundle.unit-test";
		};
		CC221FE12D75877300838ABE /* MovieReviewAppUITests */ = {
			isa = PBXNativeTarget;
			buildConfigurationList = CC221FF32D75877300838ABE /* Build configuration list for PBXNativeTarget "MovieReviewAppUITests" */;
			buildPhases = (
				CC221FDE2D75877300838ABE /* Sources */,
				CC221FDF2D75877300838ABE /* Frameworks */,
				CC221FE02D75877300838ABE /* Resources */,
			);
			buildRules = (
			);
			dependencies = (
				CC221FE42D75877300838ABE /* PBXTargetDependency */,
			);
			fileSystemSynchronizedGroups = (
				CC221FE52D75877300838ABE /* MovieReviewAppUITests */,
			);
			name = MovieReviewAppUITests;
			packageProductDependencies = (
			);
			productName = MovieReviewAppUITests;
			productReference = CC221FE22D75877300838ABE /* MovieReviewAppUITests.xctest */;
			productType = "com.apple.product-type.bundle.ui-testing";
		};
/* End PBXNativeTarget section */

/* Begin PBXProject section */
		CC221FBA2D75877200838ABE /* Project object */ = {
			isa = PBXProject;
			attributes = {
				BuildIndependentTargetsInParallel = 1;
				LastSwiftUpdateCheck = 1620;
				LastUpgradeCheck = 1620;
				TargetAttributes = {
					CC221FC12D75877200838ABE = {
						CreatedOnToolsVersion = 16.2;
					};
					CC221FD72D75877300838ABE = {
						CreatedOnToolsVersion = 16.2;
						TestTargetID = CC221FC12D75877200838ABE;
					};
					CC221FE12D75877300838ABE = {
						CreatedOnToolsVersion = 16.2;
						TestTargetID = CC221FC12D75877200838ABE;
					};
				};
			};
			buildConfigurationList = CC221FBD2D75877200838ABE /* Build configuration list for PBXProject "MovieReviewApp" */;
			developmentRegion = en;
			hasScannedForEncodings = 0;
			knownRegions = (
				en,
				Base,
			);
			mainGroup = CC221FB92D75877200838ABE;
			minimizedProjectReferenceProxies = 1;
			preferredProjectObjectVersion = 77;
			productRefGroup = CC221FC32D75877200838ABE /* Products */;
			projectDirPath = "";
			projectRoot = "";
			targets = (
				CC221FC12D75877200838ABE /* MovieReviewApp */,
				CC221FD72D75877300838ABE /* MovieReviewAppTests */,
				CC221FE12D75877300838ABE /* MovieReviewAppUITests */,
			);
		};
/* End PBXProject section */

/* Begin PBXResourcesBuildPhase section */
		CC221FC02D75877200838ABE /* Resources */ = {
			isa = PBXResourcesBuildPhase;
			buildActionMask = 2147483647;
			files = (
			);
			runOnlyForDeploymentPostprocessing = 0;
		};
		CC221FD62D75877300838ABE /* Resources */ = {
			isa = PBXResourcesBuildPhase;
			buildActionMask = 2147483647;
			files = (
			);
			runOnlyForDeploymentPostprocessing = 0;
		};
		CC221FE02D75877300838ABE /* Resources */ = {
			isa = PBXResourcesBuildPhase;
			buildActionMask = 2147483647;
			files = (
			);
			runOnlyForDeploymentPostprocessing = 0;
		};
/* End PBXResourcesBuildPhase section */

/* Begin PBXSourcesBuildPhase section */
		CC221FBE2D75877200838ABE /* Sources */ = {
			isa = PBXSourcesBuildPhase;
			buildActionMask = 2147483647;
			files = (
			);
			runOnlyForDeploymentPostprocessing = 0;
		};
		CC221FD42D75877300838ABE /* Sources */ = {
			isa = PBXSourcesBuildPhase;
			buildActionMask = 2147483647;
			files = (
			);
			runOnlyForDeploymentPostprocessing = 0;
		};
		CC221FDE2D75877300838ABE /* Sources */ = {
			isa = PBXSourcesBuildPhase;
			buildActionMask = 2147483647;
			files = (
			);
			runOnlyForDeploymentPostprocessing = 0;
		};
/* End PBXSourcesBuildPhase section */

/* Begin PBXTargetDependency section */
		CC221FDA2D75877300838ABE /* PBXTargetDependency */ = {
			isa = PBXTargetDependency;
			target = CC221FC12D75877200838ABE /* MovieReviewApp */;
			targetProxy = CC221FD92D75877300838ABE /* PBXContainerItemProxy */;
		};
		CC221FE42D75877300838ABE /* PBXTargetDependency */ = {
			isa = PBXTargetDependency;
			target = CC221FC12D75877200838ABE /* MovieReviewApp */;
			targetProxy = CC221FE32D75877300838ABE /* PBXContainerItemProxy */;
		};
/* End PBXTargetDependency section */

/* Begin XCBuildConfiguration section */
		CC221FEC2D75877300838ABE /* Debug */ = {
			isa = XCBuildConfiguration;
			buildSettings = {
				ASSETCATALOG_COMPILER_APPICON_NAME = AppIcon;
				ASSETCATALOG_COMPILER_GLOBAL_ACCENT_COLOR_NAME = AccentColor;
				CODE_SIGN_STYLE = Automatic;
				CURRENT_PROJECT_VERSION = 1;
				DEVELOPMENT_TEAM = LH45FV4TNM;
				GENERATE_INFOPLIST_FILE = YES;
				INFOPLIST_FILE = MovieReviewApp/Info.plist;
				INFOPLIST_KEY_UIApplicationSupportsIndirectInputEvents = YES;
				INFOPLIST_KEY_UILaunchStoryboardName = LaunchScreen;
				INFOPLIST_KEY_UIMainStoryboardFile = Main;
				INFOPLIST_KEY_UISupportedInterfaceOrientations_iPad = "UIInterfaceOrientationPortrait UIInterfaceOrientationPortraitUpsideDown UIInterfaceOrientationLandscapeLeft UIInterfaceOrientationLandscapeRight";
				INFOPLIST_KEY_UISupportedInterfaceOrientations_iPhone = "UIInterfaceOrientationPortrait UIInterfaceOrientationLandscapeLeft UIInterfaceOrientationLandscapeRight";
				LD_RUNPATH_SEARCH_PATHS = (
					"$(inherited)",
					"@executable_path/Frameworks",
				);
				MARKETING_VERSION = 1.0;
				PRODUCT_BUNDLE_IDENTIFIER = com.example.moviereviewapp.MovieReviewApp;
				PRODUCT_NAME = "$(TARGET_NAME)";
				SWIFT_EMIT_LOC_STRINGS = YES;
				SWIFT_VERSION = 5.0;
				TARGETED_DEVICE_FAMILY = "1,2";
			};
			name = Debug;
		};
		CC221FED2D75877300838ABE /* Release */ = {
			isa = XCBuildConfiguration;
			buildSettings = {
				ASSETCATALOG_COMPILER_APPICON_NAME = AppIcon;
				ASSETCATALOG_COMPILER_GLOBAL_ACCENT_COLOR_NAME = AccentColor;
				CODE_SIGN_STYLE = Automatic;
				CURRENT_PROJECT_VERSION = 1;
				DEVELOPMENT_TEAM = LH45FV4TNM;
				GENERATE_INFOPLIST_FILE = YES;
				INFOPLIST_FILE = MovieReviewApp/Info.plist;
				INFOPLIST_KEY_UIApplicationSupportsIndirectInputEvents = YES;
				INFOPLIST_KEY_UILaunchStoryboardName = LaunchScreen;
				INFOPLIST_KEY_UIMainStoryboardFile = Main;
				INFOPLIST_KEY_UISupportedInterfaceOrientations_iPad = "UIInterfaceOrientationPortrait UIInterfaceOrientationPortraitUpsideDown UIInterfaceOrientationLandscapeLeft UIInterfaceOrientationLandscapeRight";
				INFOPLIST_KEY_UISupportedInterfaceOrientations_iPhone = "UIInterfaceOrientationPortrait UIInterfaceOrientationLandscapeLeft UIInterfaceOrientationLandscapeRight";
				LD_RUNPATH_SEARCH_PATHS = (
					"$(inherited)",
					"@executable_path/Frameworks",
				);
				MARKETING_VERSION = 1.0;
				PRODUCT_BUNDLE_IDENTIFIER = com.example.moviereviewapp.MovieReviewApp;
				PRODUCT_NAME = "$(TARGET_NAME)";
				SWIFT_EMIT_LOC_STRINGS = YES;
				SWIFT_VERSION = 5.0;
				TARGETED_DEVICE_FAMILY = "1,2";
			};
			name = Release;
		};
		CC221FEE2D75877300838ABE /* Debug */ = {
			isa = XCBuildConfiguration;
			buildSettings = {
				ALWAYS_SEARCH_USER_PATHS = NO;
				ASSETCATALOG_COMPILER_GENERATE_SWIFT_ASSET_SYMBOL_EXTENSIONS = YES;
				CLANG_ANALYZER_NONNULL = YES;
				CLANG_ANALYZER_NUMBER_OBJECT_CONVERSION = YES_AGGRESSIVE;
				CLANG_CXX_LANGUAGE_STANDARD = "gnu++20";
				CLANG_ENABLE_MODULES = YES;
				CLANG_ENABLE_OBJC_ARC = YES;
				CLANG_ENABLE_OBJC_WEAK = YES;
				CLANG_WARN_BLOCK_CAPTURE_AUTORELEASING = YES;
				CLANG_WARN_BOOL_CONVERSION = YES;
				CLANG_WARN_COMMA = YES;
				CLANG_WARN_CONSTANT_CONVERSION = YES;
				CLANG_WARN_DEPRECATED_OBJC_IMPLEMENTATIONS = YES;
				CLANG_WARN_DIRECT_OBJC_ISA_USAGE = YES_ERROR;
				CLANG_WARN_DOCUMENTATION_COMMENTS = YES;
				CLANG_WARN_EMPTY_BODY = YES;
				CLANG_WARN_ENUM_CONVERSION = YES;
				CLANG_WARN_INFINITE_RECURSION = YES;
				CLANG_WARN_INT_CONVERSION = YES;
				CLANG_WARN_NON_LITERAL_NULL_CONVERSION = YES;
				CLANG_WARN_OBJC_IMPLICIT_RETAIN_SELF = YES;
				CLANG_WARN_OBJC_LITERAL_CONVERSION = YES;
				CLANG_WARN_OBJC_ROOT_CLASS = YES_ERROR;
				CLANG_WARN_QUOTED_INCLUDE_IN_FRAMEWORK_HEADER = YES;
				CLANG_WARN_RANGE_LOOP_ANALYSIS = YES;
				CLANG_WARN_STRICT_PROTOTYPES = YES;
				CLANG_WARN_SUSPICIOUS_MOVE = YES;
				CLANG_WARN_UNGUARDED_AVAILABILITY = YES_AGGRESSIVE;
				CLANG_WARN_UNREACHABLE_CODE = YES;
				CLANG_WARN__DUPLICATE_METHOD_MATCH = YES;
				COPY_PHASE_STRIP = NO;
				DEBUG_INFORMATION_FORMAT = dwarf;
				ENABLE_STRICT_OBJC_MSGSEND = YES;
				ENABLE_TESTABILITY = YES;
				ENABLE_USER_SCRIPT_SANDBOXING = YES;
				GCC_C_LANGUAGE_STANDARD = gnu17;
				GCC_DYNAMIC_NO_PIC = NO;
				GCC_NO_COMMON_BLOCKS = YES;
				GCC_OPTIMIZATION_LEVEL = 0;
				GCC_PREPROCESSOR_DEFINITIONS = (
					"DEBUG=1",
					"$(inherited)",
				);
				GCC_WARN_64_TO_32_BIT_CONVERSION = YES;
				GCC_WARN_ABOUT_RETURN_TYPE = YES_ERROR;
				GCC_WARN_UNDECLARED_SELECTOR = YES;
				GCC_WARN_UNINITIALIZED_AUTOS = YES_AGGRESSIVE;
				GCC_WARN_UNUSED_FUNCTION = YES;
				GCC_WARN_UNUSED_VARIABLE = YES;
				IPHONEOS_DEPLOYMENT_TARGET = 18.2;
				LOCALIZATION_PREFERS_STRING_CATALOGS = YES;
				MTL_ENABLE_DEBUG_INFO = INCLUDE_SOURCE;
				MTL_FAST_MATH = YES;
				ONLY_ACTIVE_ARCH = YES;
				SDKROOT = iphoneos;
				SWIFT_ACTIVE_COMPILATION_CONDITIONS = "DEBUG $(inherited)";
				SWIFT_OPTIMIZATION_LEVEL = "-Onone";
			};
			name = Debug;
		};
		CC221FEF2D75877300838ABE /* Release */ = {
			isa = XCBuildConfiguration;
			buildSettings = {
				ALWAYS_SEARCH_USER_PATHS = NO;
				ASSETCATALOG_COMPILER_GENERATE_SWIFT_ASSET_SYMBOL_EXTENSIONS = YES;
				CLANG_ANALYZER_NONNULL = YES;
				CLANG_ANALYZER_NUMBER_OBJECT_CONVERSION = YES_AGGRESSIVE;
				CLANG_CXX_LANGUAGE_STANDARD = "gnu++20";
				CLANG_ENABLE_MODULES = YES;
				CLANG_ENABLE_OBJC_ARC = YES;
				CLANG_ENABLE_OBJC_WEAK = YES;
				CLANG_WARN_BLOCK_CAPTURE_AUTORELEASING = YES;
				CLANG_WARN_BOOL_CONVERSION = YES;
				CLANG_WARN_COMMA = YES;
				CLANG_WARN_CONSTANT_CONVERSION = YES;
				CLANG_WARN_DEPRECATED_OBJC_IMPLEMENTATIONS = YES;
				CLANG_WARN_DIRECT_OBJC_ISA_USAGE = YES_ERROR;
				CLANG_WARN_DOCUMENTATION_COMMENTS = YES;
				CLANG_WARN_EMPTY_BODY = YES;
				CLANG_WARN_ENUM_CONVERSION = YES;
				CLANG_WARN_INFINITE_RECURSION = YES;
				CLANG_WARN_INT_CONVERSION = YES;
				CLANG_WARN_NON_LITERAL_NULL_CONVERSION = YES;
				CLANG_WARN_OBJC_IMPLICIT_RETAIN_SELF = YES;
				CLANG_WARN_OBJC_LITERAL_CONVERSION = YES;
				CLANG_WARN_OBJC_ROOT_CLASS = YES_ERROR;
				CLANG_WARN_QUOTED_INCLUDE_IN_FRAMEWORK_HEADER = YES;
				CLANG_WARN_RANGE_LOOP_ANALYSIS = YES;
				CLANG_WARN_STRICT_PROTOTYPES = YES;
				CLANG_WARN_SUSPICIOUS_MOVE = YES;
				CLANG_WARN_UNGUARDED_AVAILABILITY = YES_AGGRESSIVE;
				CLANG_WARN_UNREACHABLE_CODE = YES;
				CLANG_WARN__DUPLICATE_METHOD_MATCH = YES;
				COPY_PHASE_STRIP = NO;
				DEBUG_INFORMATION_FORMAT = "dwarf-with-dsym";
				ENABLE_NS_ASSERTIONS = NO;
				ENABLE_STRICT_OBJC_MSGSEND = YES;
				ENABLE_USER_SCRIPT_SANDBOXING = YES;
				GCC_C_LANGUAGE_STANDARD = gnu17;
				GCC_NO_COMMON_BLOCKS = YES;
				GCC_WARN_64_TO_32_BIT_CONVERSION = YES;
				GCC_WARN_ABOUT_RETURN_TYPE = YES_ERROR;
				GCC_WARN_UNDECLARED_SELECTOR = YES;
				GCC_WARN_UNINITIALIZED_AUTOS = YES_AGGRESSIVE;
				GCC_WARN_UNUSED_FUNCTION = YES;
				GCC_WARN_UNUSED_VARIABLE = YES;
				IPHONEOS_DEPLOYMENT_TARGET = 18.2;
				LOCALIZATION_PREFERS_STRING_CATALOGS = YES;
				MTL_ENABLE_DEBUG_INFO = NO;
				MTL_FAST_MATH = YES;
				SDKROOT = iphoneos;
				SWIFT_COMPILATION_MODE = wholemodule;
				VALIDATE_PRODUCT = YES;
			};
			name = Release;
		};
		CC221FF12D75877300838ABE /* Debug */ = {
			isa = XCBuildConfiguration;
			buildSettings = {
				BUNDLE_LOADER = "$(TEST_HOST)";
				CODE_SIGN_STYLE = Automatic;
				CURRENT_PROJECT_VERSION = 1;
				DEVELOPMENT_TEAM = LH45FV4TNM;
				GENERATE_INFOPLIST_FILE = YES;
				IPHONEOS_DEPLOYMENT_TARGET = 18.2;
				MARKETING_VERSION = 1.0;
				PRODUCT_BUNDLE_IDENTIFIER = com.example.moviereviewapp.MovieReviewAppTests;
				PRODUCT_NAME = "$(TARGET_NAME)";
				SWIFT_EMIT_LOC_STRINGS = NO;
				SWIFT_VERSION = 5.0;
				TARGETED_DEVICE_FAMILY = "1,2";
				TEST_HOST = "$(BUILT_PRODUCTS_DIR)/MovieReviewApp.app/$(BUNDLE_EXECUTABLE_FOLDER_PATH)/MovieReviewApp";
			};
			name = Debug;
		};
		CC221FF22D75877300838ABE /* Release */ = {
			isa = XCBuildConfiguration;
			buildSettings = {
				BUNDLE_LOADER = "$(TEST_HOST)";
				CODE_SIGN_STYLE = Automatic;
				CURRENT_PROJECT_VERSION = 1;
				DEVELOPMENT_TEAM = LH45FV4TNM;
				GENERATE_INFOPLIST_FILE = YES;
				IPHONEOS_DEPLOYMENT_TARGET = 18.2;
				MARKETING_VERSION = 1.0;
				PRODUCT_BUNDLE_IDENTIFIER = com.example.moviereviewapp.MovieReviewAppTests;
				PRODUCT_NAME = "$(TARGET_NAME)";
				SWIFT_EMIT_LOC_STRINGS = NO;
				SWIFT_VERSION = 5.0;
				TARGETED_DEVICE_FAMILY = "1,2";
				TEST_HOST = "$(BUILT_PRODUCTS_DIR)/MovieReviewApp.app/$(BUNDLE_EXECUTABLE_FOLDER_PATH)/MovieReviewApp";
			};
			name = Release;
		};
		CC221FF42D75877300838ABE /* Debug */ = {
			isa = XCBuildConfiguration;
			buildSettings = {
				CODE_SIGN_STYLE = Automatic;
				CURRENT_PROJECT_VERSION = 1;
				DEVELOPMENT_TEAM = LH45FV4TNM;
				GENERATE_INFOPLIST_FILE = YES;
				MARKETING_VERSION = 1.0;
				PRODUCT_BUNDLE_IDENTIFIER = com.example.moviereviewapp.MovieReviewAppUITests;
				PRODUCT_NAME = "$(TARGET_NAME)";
				SWIFT_EMIT_LOC_STRINGS = NO;
				SWIFT_VERSION = 5.0;
				TARGETED_DEVICE_FAMILY = "1,2";
				TEST_TARGET_NAME = MovieReviewApp;
			};
			name = Debug;
		};
		CC221FF52D75877300838ABE /* Release */ = {
			isa = XCBuildConfiguration;
			buildSettings = {
				CODE_SIGN_STYLE = Automatic;
				CURRENT_PROJECT_VERSION = 1;
				DEVELOPMENT_TEAM = LH45FV4TNM;
				GENERATE_INFOPLIST_FILE = YES;
				MARKETING_VERSION = 1.0;
				PRODUCT_BUNDLE_IDENTIFIER = com.example.moviereviewapp.MovieReviewAppUITests;
				PRODUCT_NAME = "$(TARGET_NAME)";
				SWIFT_EMIT_LOC_STRINGS = NO;
				SWIFT_VERSION = 5.0;
				TARGETED_DEVICE_FAMILY = "1,2";
				TEST_TARGET_NAME = MovieReviewApp;
			};
			name = Release;
		};
/* End XCBuildConfiguration section */

/* Begin XCConfigurationList section */
		CC221FBD2D75877200838ABE /* Build configuration list for PBXProject "MovieReviewApp" */ = {
			isa = XCConfigurationList;
			buildConfigurations = (
				CC221FEE2D75877300838ABE /* Debug */,
				CC221FEF2D75877300838ABE /* Release */,
			);
			defaultConfigurationIsVisible = 0;
			defaultConfigurationName = Release;
		};
		CC221FEB2D75877300838ABE /* Build configuration list for PBXNativeTarget "MovieReviewApp" */ = {
			isa = XCConfigurationList;
			buildConfigurations = (
				CC221FEC2D75877300838ABE /* Debug */,
				CC221FED2D75877300838ABE /* Release */,
			);
			defaultConfigurationIsVisible = 0;
			defaultConfigurationName = Release;
		};
		CC221FF02D75877300838ABE /* Build configuration list for PBXNativeTarget "MovieReviewAppTests" */ = {
			isa = XCConfigurationList;
			buildConfigurations = (
				CC221FF12D75877300838ABE /* Debug */,
				CC221FF22D75877300838ABE /* Release */,
			);
			defaultConfigurationIsVisible = 0;
			defaultConfigurationName = Release;
		};
		CC221FF32D75877300838ABE /* Build configuration list for PBXNativeTarget "MovieReviewAppUITests" */ = {
			isa = XCConfigurationList;
			buildConfigurations = (
				CC221FF42D75877300838ABE /* Debug */,
				CC221FF52D75877300838ABE /* Release */,
			);
			defaultConfigurationIsVisible = 0;
			defaultConfigurationName = Release;
		};
/* End XCConfigurationList section */
	};
	rootObject = CC221FBA2D75877200838ABE /* Project object */;
}
