// !$*UTF8*$!
{
	archiveVersion = 1;
	classes = {
	};
	objectVersion = 77;
	objects = {

/* Begin PBXContainerItemProxy section */
		CCB3D3F12D6D803000419A1F /* PBXContainerItemProxy */ = {
			isa = PBXContainerItemProxy;
			containerPortal = CCB3D3D22D6D802F00419A1F /* Project object */;
			proxyType = 1;
			remoteGlobalIDString = CCB3D3D92D6D802F00419A1F;
			remoteInfo = UIKitDay01KidsCal;
		};
		CCB3D3FB2D6D803000419A1F /* PBXContainerItemProxy */ = {
			isa = PBXContainerItemProxy;
			containerPortal = CCB3D3D22D6D802F00419A1F /* Project object */;
			proxyType = 1;
			remoteGlobalIDString = CCB3D3D92D6D802F00419A1F;
			remoteInfo = UIKitDay01KidsCal;
		};
/* End PBXContainerItemProxy section */

/* Begin PBXFileReference section */
		CCB3D3DA2D6D802F00419A1F /* UIKitDay01KidsCal.app */ = {isa = PBXFileReference; explicitFileType = wrapper.application; includeInIndex = 0; path = UIKitDay01KidsCal.app; sourceTree = BUILT_PRODUCTS_DIR; };
		CCB3D3F02D6D803000419A1F /* UIKitDay01KidsCalTests.xctest */ = {isa = PBXFileReference; explicitFileType = wrapper.cfbundle; includeInIndex = 0; path = UIKitDay01KidsCalTests.xctest; sourceTree = BUILT_PRODUCTS_DIR; };
		CCB3D3FA2D6D803000419A1F /* UIKitDay01KidsCalUITests.xctest */ = {isa = PBXFileReference; explicitFileType = wrapper.cfbundle; includeInIndex = 0; path = UIKitDay01KidsCalUITests.xctest; sourceTree = BUILT_PRODUCTS_DIR; };
/* End PBXFileReference section */

/* Begin PBXFileSystemSynchronizedBuildFileExceptionSet section */
		CCB3D4022D6D803000419A1F /* Exceptions for "UIKitDay01KidsCal" folder in "UIKitDay01KidsCal" target */ = {
			isa = PBXFileSystemSynchronizedBuildFileExceptionSet;
			membershipExceptions = (
				Info.plist,
			);
			target = CCB3D3D92D6D802F00419A1F /* UIKitDay01KidsCal */;
		};
/* End PBXFileSystemSynchronizedBuildFileExceptionSet section */

/* Begin PBXFileSystemSynchronizedRootGroup section */
		CCB3D3DC2D6D802F00419A1F /* UIKitDay01KidsCal */ = {
			isa = PBXFileSystemSynchronizedRootGroup;
			exceptions = (
				CCB3D4022D6D803000419A1F /* Exceptions for "UIKitDay01KidsCal" folder in "UIKitDay01KidsCal" target */,
			);
			path = UIKitDay01KidsCal;
			sourceTree = "<group>";
		};
		CCB3D3F32D6D803000419A1F /* UIKitDay01KidsCalTests */ = {
			isa = PBXFileSystemSynchronizedRootGroup;
			path = UIKitDay01KidsCalTests;
			sourceTree = "<group>";
		};
		CCB3D3FD2D6D803000419A1F /* UIKitDay01KidsCalUITests */ = {
			isa = PBXFileSystemSynchronizedRootGroup;
			path = UIKitDay01KidsCalUITests;
			sourceTree = "<group>";
		};
/* End PBXFileSystemSynchronizedRootGroup section */

/* Begin PBXFrameworksBuildPhase section */
		CCB3D3D72D6D802F00419A1F /* Frameworks */ = {
			isa = PBXFrameworksBuildPhase;
			buildActionMask = 2147483647;
			files = (
			);
			runOnlyForDeploymentPostprocessing = 0;
		};
		CCB3D3ED2D6D803000419A1F /* Frameworks */ = {
			isa = PBXFrameworksBuildPhase;
			buildActionMask = 2147483647;
			files = (
			);
			runOnlyForDeploymentPostprocessing = 0;
		};
		CCB3D3F72D6D803000419A1F /* Frameworks */ = {
			isa = PBXFrameworksBuildPhase;
			buildActionMask = 2147483647;
			files = (
			);
			runOnlyForDeploymentPostprocessing = 0;
		};
/* End PBXFrameworksBuildPhase section */

/* Begin PBXGroup section */
		CCB3D3D12D6D802F00419A1F = {
			isa = PBXGroup;
			children = (
				CCB3D3DC2D6D802F00419A1F /* UIKitDay01KidsCal */,
				CCB3D3F32D6D803000419A1F /* UIKitDay01KidsCalTests */,
				CCB3D3FD2D6D803000419A1F /* UIKitDay01KidsCalUITests */,
				CCB3D3DB2D6D802F00419A1F /* Products */,
			);
			sourceTree = "<group>";
		};
		CCB3D3DB2D6D802F00419A1F /* Products */ = {
			isa = PBXGroup;
			children = (
				CCB3D3DA2D6D802F00419A1F /* UIKitDay01KidsCal.app */,
				CCB3D3F02D6D803000419A1F /* UIKitDay01KidsCalTests.xctest */,
				CCB3D3FA2D6D803000419A1F /* UIKitDay01KidsCalUITests.xctest */,
			);
			name = Products;
			sourceTree = "<group>";
		};
/* End PBXGroup section */

/* Begin PBXNativeTarget section */
		CCB3D3D92D6D802F00419A1F /* UIKitDay01KidsCal */ = {
			isa = PBXNativeTarget;
			buildConfigurationList = CCB3D4032D6D803000419A1F /* Build configuration list for PBXNativeTarget "UIKitDay01KidsCal" */;
			buildPhases = (
				CCB3D3D62D6D802F00419A1F /* Sources */,
				CCB3D3D72D6D802F00419A1F /* Frameworks */,
				CCB3D3D82D6D802F00419A1F /* Resources */,
			);
			buildRules = (
			);
			dependencies = (
			);
			fileSystemSynchronizedGroups = (
				CCB3D3DC2D6D802F00419A1F /* UIKitDay01KidsCal */,
			);
			name = UIKitDay01KidsCal;
			packageProductDependencies = (
			);
			productName = UIKitDay01KidsCal;
			productReference = CCB3D3DA2D6D802F00419A1F /* UIKitDay01KidsCal.app */;
			productType = "com.apple.product-type.application";
		};
		CCB3D3EF2D6D803000419A1F /* UIKitDay01KidsCalTests */ = {
			isa = PBXNativeTarget;
			buildConfigurationList = CCB3D4082D6D803000419A1F /* Build configuration list for PBXNativeTarget "UIKitDay01KidsCalTests" */;
			buildPhases = (
				CCB3D3EC2D6D803000419A1F /* Sources */,
				CCB3D3ED2D6D803000419A1F /* Frameworks */,
				CCB3D3EE2D6D803000419A1F /* Resources */,
			);
			buildRules = (
			);
			dependencies = (
				CCB3D3F22D6D803000419A1F /* PBXTargetDependency */,
			);
			fileSystemSynchronizedGroups = (
				CCB3D3F32D6D803000419A1F /* UIKitDay01KidsCalTests */,
			);
			name = UIKitDay01KidsCalTests;
			packageProductDependencies = (
			);
			productName = UIKitDay01KidsCalTests;
			productReference = CCB3D3F02D6D803000419A1F /* UIKitDay01KidsCalTests.xctest */;
			productType = "com.apple.product-type.bundle.unit-test";
		};
		CCB3D3F92D6D803000419A1F /* UIKitDay01KidsCalUITests */ = {
			isa = PBXNativeTarget;
			buildConfigurationList = CCB3D40B2D6D803000419A1F /* Build configuration list for PBXNativeTarget "UIKitDay01KidsCalUITests" */;
			buildPhases = (
				CCB3D3F62D6D803000419A1F /* Sources */,
				CCB3D3F72D6D803000419A1F /* Frameworks */,
				CCB3D3F82D6D803000419A1F /* Resources */,
			);
			buildRules = (
			);
			dependencies = (
				CCB3D3FC2D6D803000419A1F /* PBXTargetDependency */,
			);
			fileSystemSynchronizedGroups = (
				CCB3D3FD2D6D803000419A1F /* UIKitDay01KidsCalUITests */,
			);
			name = UIKitDay01KidsCalUITests;
			packageProductDependencies = (
			);
			productName = UIKitDay01KidsCalUITests;
			productReference = CCB3D3FA2D6D803000419A1F /* UIKitDay01KidsCalUITests.xctest */;
			productType = "com.apple.product-type.bundle.ui-testing";
		};
/* End PBXNativeTarget section */

/* Begin PBXProject section */
		CCB3D3D22D6D802F00419A1F /* Project object */ = {
			isa = PBXProject;
			attributes = {
				BuildIndependentTargetsInParallel = 1;
				LastSwiftUpdateCheck = 1620;
				LastUpgradeCheck = 1620;
				TargetAttributes = {
					CCB3D3D92D6D802F00419A1F = {
						CreatedOnToolsVersion = 16.2;
					};
					CCB3D3EF2D6D803000419A1F = {
						CreatedOnToolsVersion = 16.2;
						TestTargetID = CCB3D3D92D6D802F00419A1F;
					};
					CCB3D3F92D6D803000419A1F = {
						CreatedOnToolsVersion = 16.2;
						TestTargetID = CCB3D3D92D6D802F00419A1F;
					};
				};
			};
			buildConfigurationList = CCB3D3D52D6D802F00419A1F /* Build configuration list for PBXProject "UIKitDay01KidsCal" */;
			developmentRegion = en;
			hasScannedForEncodings = 0;
			knownRegions = (
				en,
				Base,
			);
			mainGroup = CCB3D3D12D6D802F00419A1F;
			minimizedProjectReferenceProxies = 1;
			preferredProjectObjectVersion = 77;
			productRefGroup = CCB3D3DB2D6D802F00419A1F /* Products */;
			projectDirPath = "";
			projectRoot = "";
			targets = (
				CCB3D3D92D6D802F00419A1F /* UIKitDay01KidsCal */,
				CCB3D3EF2D6D803000419A1F /* UIKitDay01KidsCalTests */,
				CCB3D3F92D6D803000419A1F /* UIKitDay01KidsCalUITests */,
			);
		};
/* End PBXProject section */

/* Begin PBXResourcesBuildPhase section */
		CCB3D3D82D6D802F00419A1F /* Resources */ = {
			isa = PBXResourcesBuildPhase;
			buildActionMask = 2147483647;
			files = (
			);
			runOnlyForDeploymentPostprocessing = 0;
		};
		CCB3D3EE2D6D803000419A1F /* Resources */ = {
			isa = PBXResourcesBuildPhase;
			buildActionMask = 2147483647;
			files = (
			);
			runOnlyForDeploymentPostprocessing = 0;
		};
		CCB3D3F82D6D803000419A1F /* Resources */ = {
			isa = PBXResourcesBuildPhase;
			buildActionMask = 2147483647;
			files = (
			);
			runOnlyForDeploymentPostprocessing = 0;
		};
/* End PBXResourcesBuildPhase section */

/* Begin PBXSourcesBuildPhase section */
		CCB3D3D62D6D802F00419A1F /* Sources */ = {
			isa = PBXSourcesBuildPhase;
			buildActionMask = 2147483647;
			files = (
			);
			runOnlyForDeploymentPostprocessing = 0;
		};
		CCB3D3EC2D6D803000419A1F /* Sources */ = {
			isa = PBXSourcesBuildPhase;
			buildActionMask = 2147483647;
			files = (
			);
			runOnlyForDeploymentPostprocessing = 0;
		};
		CCB3D3F62D6D803000419A1F /* Sources */ = {
			isa = PBXSourcesBuildPhase;
			buildActionMask = 2147483647;
			files = (
			);
			runOnlyForDeploymentPostprocessing = 0;
		};
/* End PBXSourcesBuildPhase section */

/* Begin PBXTargetDependency section */
		CCB3D3F22D6D803000419A1F /* PBXTargetDependency */ = {
			isa = PBXTargetDependency;
			target = CCB3D3D92D6D802F00419A1F /* UIKitDay01KidsCal */;
			targetProxy = CCB3D3F12D6D803000419A1F /* PBXContainerItemProxy */;
		};
		CCB3D3FC2D6D803000419A1F /* PBXTargetDependency */ = {
			isa = PBXTargetDependency;
			target = CCB3D3D92D6D802F00419A1F /* UIKitDay01KidsCal */;
			targetProxy = CCB3D3FB2D6D803000419A1F /* PBXContainerItemProxy */;
		};
/* End PBXTargetDependency section */

/* Begin XCBuildConfiguration section */
		CCB3D4042D6D803000419A1F /* Debug */ = {
			isa = XCBuildConfiguration;
			buildSettings = {
				ASSETCATALOG_COMPILER_APPICON_NAME = AppIcon;
				ASSETCATALOG_COMPILER_GLOBAL_ACCENT_COLOR_NAME = AccentColor;
				CODE_SIGN_STYLE = Automatic;
				CURRENT_PROJECT_VERSION = 1;
				DEVELOPMENT_TEAM = LH45FV4TNM;
				GENERATE_INFOPLIST_FILE = YES;
				INFOPLIST_FILE = UIKitDay01KidsCal/Info.plist;
				INFOPLIST_KEY_UIApplicationSupportsIndirectInputEvents = YES;
				INFOPLIST_KEY_UILaunchStoryboardName = LaunchScreen;
				INFOPLIST_KEY_UIMainStoryboardFile = Main;
				INFOPLIST_KEY_UISupportedInterfaceOrientations_iPad = "UIInterfaceOrientationPortrait UIInterfaceOrientationPortraitUpsideDown UIInterfaceOrientationLandscapeLeft UIInterfaceOrientationLandscapeRight";
				INFOPLIST_KEY_UISupportedInterfaceOrientations_iPhone = "UIInterfaceOrientationPortrait UIInterfaceOrientationLandscapeLeft UIInterfaceOrientationLandscapeRight";
				LD_RUNPATH_SEARCH_PATHS = (
					"$(inherited)",
					"@executable_path/Frameworks",
				);
				MARKETING_VERSION = 1.0;
				PRODUCT_BUNDLE_IDENTIFIER = org.comstudy.myapp.UIKitDay01KidsCal;
				PRODUCT_NAME = "$(TARGET_NAME)";
				SWIFT_EMIT_LOC_STRINGS = YES;
				SWIFT_VERSION = 5.0;
				TARGETED_DEVICE_FAMILY = "1,2";
			};
			name = Debug;
		};
		CCB3D4052D6D803000419A1F /* Release */ = {
			isa = XCBuildConfiguration;
			buildSettings = {
				ASSETCATALOG_COMPILER_APPICON_NAME = AppIcon;
				ASSETCATALOG_COMPILER_GLOBAL_ACCENT_COLOR_NAME = AccentColor;
				CODE_SIGN_STYLE = Automatic;
				CURRENT_PROJECT_VERSION = 1;
				DEVELOPMENT_TEAM = LH45FV4TNM;
				GENERATE_INFOPLIST_FILE = YES;
				INFOPLIST_FILE = UIKitDay01KidsCal/Info.plist;
				INFOPLIST_KEY_UIApplicationSupportsIndirectInputEvents = YES;
				INFOPLIST_KEY_UILaunchStoryboardName = LaunchScreen;
				INFOPLIST_KEY_UIMainStoryboardFile = Main;
				INFOPLIST_KEY_UISupportedInterfaceOrientations_iPad = "UIInterfaceOrientationPortrait UIInterfaceOrientationPortraitUpsideDown UIInterfaceOrientationLandscapeLeft UIInterfaceOrientationLandscapeRight";
				INFOPLIST_KEY_UISupportedInterfaceOrientations_iPhone = "UIInterfaceOrientationPortrait UIInterfaceOrientationLandscapeLeft UIInterfaceOrientationLandscapeRight";
				LD_RUNPATH_SEARCH_PATHS = (
					"$(inherited)",
					"@executable_path/Frameworks",
				);
				MARKETING_VERSION = 1.0;
				PRODUCT_BUNDLE_IDENTIFIER = org.comstudy.myapp.UIKitDay01KidsCal;
				PRODUCT_NAME = "$(TARGET_NAME)";
				SWIFT_EMIT_LOC_STRINGS = YES;
				SWIFT_VERSION = 5.0;
				TARGETED_DEVICE_FAMILY = "1,2";
			};
			name = Release;
		};
		CCB3D4062D6D803000419A1F /* Debug */ = {
			isa = XCBuildConfiguration;
			buildSettings = {
				ALWAYS_SEARCH_USER_PATHS = NO;
				ASSETCATALOG_COMPILER_GENERATE_SWIFT_ASSET_SYMBOL_EXTENSIONS = YES;
				CLANG_ANALYZER_NONNULL = YES;
				CLANG_ANALYZER_NUMBER_OBJECT_CONVERSION = YES_AGGRESSIVE;
				CLANG_CXX_LANGUAGE_STANDARD = "gnu++20";
				CLANG_ENABLE_MODULES = YES;
				CLANG_ENABLE_OBJC_ARC = YES;
				CLANG_ENABLE_OBJC_WEAK = YES;
				CLANG_WARN_BLOCK_CAPTURE_AUTORELEASING = YES;
				CLANG_WARN_BOOL_CONVERSION = YES;
				CLANG_WARN_COMMA = YES;
				CLANG_WARN_CONSTANT_CONVERSION = YES;
				CLANG_WARN_DEPRECATED_OBJC_IMPLEMENTATIONS = YES;
				CLANG_WARN_DIRECT_OBJC_ISA_USAGE = YES_ERROR;
				CLANG_WARN_DOCUMENTATION_COMMENTS = YES;
				CLANG_WARN_EMPTY_BODY = YES;
				CLANG_WARN_ENUM_CONVERSION = YES;
				CLANG_WARN_INFINITE_RECURSION = YES;
				CLANG_WARN_INT_CONVERSION = YES;
				CLANG_WARN_NON_LITERAL_NULL_CONVERSION = YES;
				CLANG_WARN_OBJC_IMPLICIT_RETAIN_SELF = YES;
				CLANG_WARN_OBJC_LITERAL_CONVERSION = YES;
				CLANG_WARN_OBJC_ROOT_CLASS = YES_ERROR;
				CLANG_WARN_QUOTED_INCLUDE_IN_FRAMEWORK_HEADER = YES;
				CLANG_WARN_RANGE_LOOP_ANALYSIS = YES;
				CLANG_WARN_STRICT_PROTOTYPES = YES;
				CLANG_WARN_SUSPICIOUS_MOVE = YES;
				CLANG_WARN_UNGUARDED_AVAILABILITY = YES_AGGRESSIVE;
				CLANG_WARN_UNREACHABLE_CODE = YES;
				CLANG_WARN__DUPLICATE_METHOD_MATCH = YES;
				COPY_PHASE_STRIP = NO;
				DEBUG_INFORMATION_FORMAT = dwarf;
				ENABLE_STRICT_OBJC_MSGSEND = YES;
				ENABLE_TESTABILITY = YES;
				ENABLE_USER_SCRIPT_SANDBOXING = YES;
				GCC_C_LANGUAGE_STANDARD = gnu17;
				GCC_DYNAMIC_NO_PIC = NO;
				GCC_NO_COMMON_BLOCKS = YES;
				GCC_OPTIMIZATION_LEVEL = 0;
				GCC_PREPROCESSOR_DEFINITIONS = (
					"DEBUG=1",
					"$(inherited)",
				);
				GCC_WARN_64_TO_32_BIT_CONVERSION = YES;
				GCC_WARN_ABOUT_RETURN_TYPE = YES_ERROR;
				GCC_WARN_UNDECLARED_SELECTOR = YES;
				GCC_WARN_UNINITIALIZED_AUTOS = YES_AGGRESSIVE;
				GCC_WARN_UNUSED_FUNCTION = YES;
				GCC_WARN_UNUSED_VARIABLE = YES;
				IPHONEOS_DEPLOYMENT_TARGET = 18.2;
				LOCALIZATION_PREFERS_STRING_CATALOGS = YES;
				MTL_ENABLE_DEBUG_INFO = INCLUDE_SOURCE;
				MTL_FAST_MATH = YES;
				ONLY_ACTIVE_ARCH = YES;
				SDKROOT = iphoneos;
				SWIFT_ACTIVE_COMPILATION_CONDITIONS = "DEBUG $(inherited)";
				SWIFT_OPTIMIZATION_LEVEL = "-Onone";
			};
			name = Debug;
		};
		CCB3D4072D6D803000419A1F /* Release */ = {
			isa = XCBuildConfiguration;
			buildSettings = {
				ALWAYS_SEARCH_USER_PATHS = NO;
				ASSETCATALOG_COMPILER_GENERATE_SWIFT_ASSET_SYMBOL_EXTENSIONS = YES;
				CLANG_ANALYZER_NONNULL = YES;
				CLANG_ANALYZER_NUMBER_OBJECT_CONVERSION = YES_AGGRESSIVE;
				CLANG_CXX_LANGUAGE_STANDARD = "gnu++20";
				CLANG_ENABLE_MODULES = YES;
				CLANG_ENABLE_OBJC_ARC = YES;
				CLANG_ENABLE_OBJC_WEAK = YES;
				CLANG_WARN_BLOCK_CAPTURE_AUTORELEASING = YES;
				CLANG_WARN_BOOL_CONVERSION = YES;
				CLANG_WARN_COMMA = YES;
				CLANG_WARN_CONSTANT_CONVERSION = YES;
				CLANG_WARN_DEPRECATED_OBJC_IMPLEMENTATIONS = YES;
				CLANG_WARN_DIRECT_OBJC_ISA_USAGE = YES_ERROR;
				CLANG_WARN_DOCUMENTATION_COMMENTS = YES;
				CLANG_WARN_EMPTY_BODY = YES;
				CLANG_WARN_ENUM_CONVERSION = YES;
				CLANG_WARN_INFINITE_RECURSION = YES;
				CLANG_WARN_INT_CONVERSION = YES;
				CLANG_WARN_NON_LITERAL_NULL_CONVERSION = YES;
				CLANG_WARN_OBJC_IMPLICIT_RETAIN_SELF = YES;
				CLANG_WARN_OBJC_LITERAL_CONVERSION = YES;
				CLANG_WARN_OBJC_ROOT_CLASS = YES_ERROR;
				CLANG_WARN_QUOTED_INCLUDE_IN_FRAMEWORK_HEADER = YES;
				CLANG_WARN_RANGE_LOOP_ANALYSIS = YES;
				CLANG_WARN_STRICT_PROTOTYPES = YES;
				CLANG_WARN_SUSPICIOUS_MOVE = YES;
				CLANG_WARN_UNGUARDED_AVAILABILITY = YES_AGGRESSIVE;
				CLANG_WARN_UNREACHABLE_CODE = YES;
				CLANG_WARN__DUPLICATE_METHOD_MATCH = YES;
				COPY_PHASE_STRIP = NO;
				DEBUG_INFORMATION_FORMAT = "dwarf-with-dsym";
				ENABLE_NS_ASSERTIONS = NO;
				ENABLE_STRICT_OBJC_MSGSEND = YES;
				ENABLE_USER_SCRIPT_SANDBOXING = YES;
				GCC_C_LANGUAGE_STANDARD = gnu17;
				GCC_NO_COMMON_BLOCKS = YES;
				GCC_WARN_64_TO_32_BIT_CONVERSION = YES;
				GCC_WARN_ABOUT_RETURN_TYPE = YES_ERROR;
				GCC_WARN_UNDECLARED_SELECTOR = YES;
				GCC_WARN_UNINITIALIZED_AUTOS = YES_AGGRESSIVE;
				GCC_WARN_UNUSED_FUNCTION = YES;
				GCC_WARN_UNUSED_VARIABLE = YES;
				IPHONEOS_DEPLOYMENT_TARGET = 18.2;
				LOCALIZATION_PREFERS_STRING_CATALOGS = YES;
				MTL_ENABLE_DEBUG_INFO = NO;
				MTL_FAST_MATH = YES;
				SDKROOT = iphoneos;
				SWIFT_COMPILATION_MODE = wholemodule;
				VALIDATE_PRODUCT = YES;
			};
			name = Release;
		};
		CCB3D4092D6D803000419A1F /* Debug */ = {
			isa = XCBuildConfiguration;
			buildSettings = {
				BUNDLE_LOADER = "$(TEST_HOST)";
				CODE_SIGN_STYLE = Automatic;
				CURRENT_PROJECT_VERSION = 1;
				DEVELOPMENT_TEAM = LH45FV4TNM;
				GENERATE_INFOPLIST_FILE = YES;
				IPHONEOS_DEPLOYMENT_TARGET = 18.2;
				MARKETING_VERSION = 1.0;
				PRODUCT_BUNDLE_IDENTIFIER = org.comstudy.myapp.UIKitDay01KidsCalTests;
				PRODUCT_NAME = "$(TARGET_NAME)";
				SWIFT_EMIT_LOC_STRINGS = NO;
				SWIFT_VERSION = 5.0;
				TARGETED_DEVICE_FAMILY = "1,2";
				TEST_HOST = "$(BUILT_PRODUCTS_DIR)/UIKitDay01KidsCal.app/$(BUNDLE_EXECUTABLE_FOLDER_PATH)/UIKitDay01KidsCal";
			};
			name = Debug;
		};
		CCB3D40A2D6D803000419A1F /* Release */ = {
			isa = XCBuildConfiguration;
			buildSettings = {
				BUNDLE_LOADER = "$(TEST_HOST)";
				CODE_SIGN_STYLE = Automatic;
				CURRENT_PROJECT_VERSION = 1;
				DEVELOPMENT_TEAM = LH45FV4TNM;
				GENERATE_INFOPLIST_FILE = YES;
				IPHONEOS_DEPLOYMENT_TARGET = 18.2;
				MARKETING_VERSION = 1.0;
				PRODUCT_BUNDLE_IDENTIFIER = org.comstudy.myapp.UIKitDay01KidsCalTests;
				PRODUCT_NAME = "$(TARGET_NAME)";
				SWIFT_EMIT_LOC_STRINGS = NO;
				SWIFT_VERSION = 5.0;
				TARGETED_DEVICE_FAMILY = "1,2";
				TEST_HOST = "$(BUILT_PRODUCTS_DIR)/UIKitDay01KidsCal.app/$(BUNDLE_EXECUTABLE_FOLDER_PATH)/UIKitDay01KidsCal";
			};
			name = Release;
		};
		CCB3D40C2D6D803000419A1F /* Debug */ = {
			isa = XCBuildConfiguration;
			buildSettings = {
				CODE_SIGN_STYLE = Automatic;
				CURRENT_PROJECT_VERSION = 1;
				DEVELOPMENT_TEAM = LH45FV4TNM;
				GENERATE_INFOPLIST_FILE = YES;
				MARKETING_VERSION = 1.0;
				PRODUCT_BUNDLE_IDENTIFIER = org.comstudy.myapp.UIKitDay01KidsCalUITests;
				PRODUCT_NAME = "$(TARGET_NAME)";
				SWIFT_EMIT_LOC_STRINGS = NO;
				SWIFT_VERSION = 5.0;
				TARGETED_DEVICE_FAMILY = "1,2";
				TEST_TARGET_NAME = UIKitDay01KidsCal;
			};
			name = Debug;
		};
		CCB3D40D2D6D803000419A1F /* Release */ = {
			isa = XCBuildConfiguration;
			buildSettings = {
				CODE_SIGN_STYLE = Automatic;
				CURRENT_PROJECT_VERSION = 1;
				DEVELOPMENT_TEAM = LH45FV4TNM;
				GENERATE_INFOPLIST_FILE = YES;
				MARKETING_VERSION = 1.0;
				PRODUCT_BUNDLE_IDENTIFIER = org.comstudy.myapp.UIKitDay01KidsCalUITests;
				PRODUCT_NAME = "$(TARGET_NAME)";
				SWIFT_EMIT_LOC_STRINGS = NO;
				SWIFT_VERSION = 5.0;
				TARGETED_DEVICE_FAMILY = "1,2";
				TEST_TARGET_NAME = UIKitDay01KidsCal;
			};
			name = Release;
		};
/* End XCBuildConfiguration section */

/* Begin XCConfigurationList section */
		CCB3D3D52D6D802F00419A1F /* Build configuration list for PBXProject "UIKitDay01KidsCal" */ = {
			isa = XCConfigurationList;
			buildConfigurations = (
				CCB3D4062D6D803000419A1F /* Debug */,
				CCB3D4072D6D803000419A1F /* Release */,
			);
			defaultConfigurationIsVisible = 0;
			defaultConfigurationName = Release;
		};
		CCB3D4032D6D803000419A1F /* Build configuration list for PBXNativeTarget "UIKitDay01KidsCal" */ = {
			isa = XCConfigurationList;
			buildConfigurations = (
				CCB3D4042D6D803000419A1F /* Debug */,
				CCB3D4052D6D803000419A1F /* Release */,
			);
			defaultConfigurationIsVisible = 0;
			defaultConfigurationName = Release;
		};
		CCB3D4082D6D803000419A1F /* Build configuration list for PBXNativeTarget "UIKitDay01KidsCalTests" */ = {
			isa = XCConfigurationList;
			buildConfigurations = (
				CCB3D4092D6D803000419A1F /* Debug */,
				CCB3D40A2D6D803000419A1F /* Release */,
			);
			defaultConfigurationIsVisible = 0;
			defaultConfigurationName = Release;
		};
		CCB3D40B2D6D803000419A1F /* Build configuration list for PBXNativeTarget "UIKitDay01KidsCalUITests" */ = {
			isa = XCConfigurationList;
			buildConfigurations = (
				CCB3D40C2D6D803000419A1F /* Debug */,
				CCB3D40D2D6D803000419A1F /* Release */,
			);
			defaultConfigurationIsVisible = 0;
			defaultConfigurationName = Release;
		};
/* End XCConfigurationList section */
	};
	rootObject = CCB3D3D22D6D802F00419A1F /* Project object */;
}
