// !$*UTF8*$!
{
	archiveVersion = 1;
	classes = {
	};
	objectVersion = 77;
	objects = {

/* Begin PBXContainerItemProxy section */
		CC49D7B12D5E003100F9D213 /* PBXContainerItemProxy */ = {
			isa = PBXContainerItemProxy;
			containerPortal = CC49D7982D5E003000F9D213 /* Project object */;
			proxyType = 1;
			remoteGlobalIDString = CC49D79F2D5E003000F9D213;
			remoteInfo = blankspace;
		};
		CC49D7BB2D5E003100F9D213 /* PBXContainerItemProxy */ = {
			isa = PBXContainerItemProxy;
			containerPortal = CC49D7982D5E003000F9D213 /* Project object */;
			proxyType = 1;
			remoteGlobalIDString = CC49D79F2D5E003000F9D213;
			remoteInfo = blankspace;
		};
/* End PBXContainerItemProxy section */

/* Begin PBXFileReference section */
		CC49D7A02D5E003000F9D213 /* blankspace.app */ = {isa = PBXFileReference; explicitFileType = wrapper.application; includeInIndex = 0; path = blankspace.app; sourceTree = BUILT_PRODUCTS_DIR; };
		CC49D7B02D5E003100F9D213 /* blankspaceTests.xctest */ = {isa = PBXFileReference; explicitFileType = wrapper.cfbundle; includeInIndex = 0; path = blankspaceTests.xctest; sourceTree = BUILT_PRODUCTS_DIR; };
		CC49D7BA2D5E003100F9D213 /* blankspaceUITests.xctest */ = {isa = PBXFileReference; explicitFileType = wrapper.cfbundle; includeInIndex = 0; path = blankspaceUITests.xctest; sourceTree = BUILT_PRODUCTS_DIR; };
/* End PBXFileReference section */

/* Begin PBXFileSystemSynchronizedRootGroup section */
		CC49D7A22D5E003000F9D213 /* blankspace */ = {
			isa = PBXFileSystemSynchronizedRootGroup;
			path = blankspace;
			sourceTree = "<group>";
		};
		CC49D7B32D5E003100F9D213 /* blankspaceTests */ = {
			isa = PBXFileSystemSynchronizedRootGroup;
			path = blankspaceTests;
			sourceTree = "<group>";
		};
		CC49D7BD2D5E003100F9D213 /* blankspaceUITests */ = {
			isa = PBXFileSystemSynchronizedRootGroup;
			path = blankspaceUITests;
			sourceTree = "<group>";
		};
/* End PBXFileSystemSynchronizedRootGroup section */

/* Begin PBXFrameworksBuildPhase section */
		CC49D79D2D5E003000F9D213 /* Frameworks */ = {
			isa = PBXFrameworksBuildPhase;
			buildActionMask = 2147483647;
			files = (
			);
			runOnlyForDeploymentPostprocessing = 0;
		};
		CC49D7AD2D5E003100F9D213 /* Frameworks */ = {
			isa = PBXFrameworksBuildPhase;
			buildActionMask = 2147483647;
			files = (
			);
			runOnlyForDeploymentPostprocessing = 0;
		};
		CC49D7B72D5E003100F9D213 /* Frameworks */ = {
			isa = PBXFrameworksBuildPhase;
			buildActionMask = 2147483647;
			files = (
			);
			runOnlyForDeploymentPostprocessing = 0;
		};
/* End PBXFrameworksBuildPhase section */

/* Begin PBXGroup section */
		CC49D7972D5E003000F9D213 = {
			isa = PBXGroup;
			children = (
				CC49D7A22D5E003000F9D213 /* blankspace */,
				CC49D7B32D5E003100F9D213 /* blankspaceTests */,
				CC49D7BD2D5E003100F9D213 /* blankspaceUITests */,
				CC49D7A12D5E003000F9D213 /* Products */,
			);
			sourceTree = "<group>";
		};
		CC49D7A12D5E003000F9D213 /* Products */ = {
			isa = PBXGroup;
			children = (
				CC49D7A02D5E003000F9D213 /* blankspace.app */,
				CC49D7B02D5E003100F9D213 /* blankspaceTests.xctest */,
				CC49D7BA2D5E003100F9D213 /* blankspaceUITests.xctest */,
			);
			name = Products;
			sourceTree = "<group>";
		};
/* End PBXGroup section */

/* Begin PBXNativeTarget section */
		CC49D79F2D5E003000F9D213 /* blankspace */ = {
			isa = PBXNativeTarget;
			buildConfigurationList = CC49D7C42D5E003100F9D213 /* Build configuration list for PBXNativeTarget "blankspace" */;
			buildPhases = (
				CC49D79C2D5E003000F9D213 /* Sources */,
				CC49D79D2D5E003000F9D213 /* Frameworks */,
				CC49D79E2D5E003000F9D213 /* Resources */,
			);
			buildRules = (
			);
			dependencies = (
			);
			fileSystemSynchronizedGroups = (
				CC49D7A22D5E003000F9D213 /* blankspace */,
			);
			name = blankspace;
			packageProductDependencies = (
			);
			productName = blankspace;
			productReference = CC49D7A02D5E003000F9D213 /* blankspace.app */;
			productType = "com.apple.product-type.application";
		};
		CC49D7AF2D5E003100F9D213 /* blankspaceTests */ = {
			isa = PBXNativeTarget;
			buildConfigurationList = CC49D7C72D5E003100F9D213 /* Build configuration list for PBXNativeTarget "blankspaceTests" */;
			buildPhases = (
				CC49D7AC2D5E003100F9D213 /* Sources */,
				CC49D7AD2D5E003100F9D213 /* Frameworks */,
				CC49D7AE2D5E003100F9D213 /* Resources */,
			);
			buildRules = (
			);
			dependencies = (
				CC49D7B22D5E003100F9D213 /* PBXTargetDependency */,
			);
			fileSystemSynchronizedGroups = (
				CC49D7B32D5E003100F9D213 /* blankspaceTests */,
			);
			name = blankspaceTests;
			packageProductDependencies = (
			);
			productName = blankspaceTests;
			productReference = CC49D7B02D5E003100F9D213 /* blankspaceTests.xctest */;
			productType = "com.apple.product-type.bundle.unit-test";
		};
		CC49D7B92D5E003100F9D213 /* blankspaceUITests */ = {
			isa = PBXNativeTarget;
			buildConfigurationList = CC49D7CA2D5E003100F9D213 /* Build configuration list for PBXNativeTarget "blankspaceUITests" */;
			buildPhases = (
				CC49D7B62D5E003100F9D213 /* Sources */,
				CC49D7B72D5E003100F9D213 /* Frameworks */,
				CC49D7B82D5E003100F9D213 /* Resources */,
			);
			buildRules = (
			);
			dependencies = (
				CC49D7BC2D5E003100F9D213 /* PBXTargetDependency */,
			);
			fileSystemSynchronizedGroups = (
				CC49D7BD2D5E003100F9D213 /* blankspaceUITests */,
			);
			name = blankspaceUITests;
			packageProductDependencies = (
			);
			productName = blankspaceUITests;
			productReference = CC49D7BA2D5E003100F9D213 /* blankspaceUITests.xctest */;
			productType = "com.apple.product-type.bundle.ui-testing";
		};
/* End PBXNativeTarget section */

/* Begin PBXProject section */
		CC49D7982D5E003000F9D213 /* Project object */ = {
			isa = PBXProject;
			attributes = {
				BuildIndependentTargetsInParallel = 1;
				LastSwiftUpdateCheck = 1620;
				LastUpgradeCheck = 1620;
				TargetAttributes = {
					CC49D79F2D5E003000F9D213 = {
						CreatedOnToolsVersion = 16.2;
					};
					CC49D7AF2D5E003100F9D213 = {
						CreatedOnToolsVersion = 16.2;
						TestTargetID = CC49D79F2D5E003000F9D213;
					};
					CC49D7B92D5E003100F9D213 = {
						CreatedOnToolsVersion = 16.2;
						TestTargetID = CC49D79F2D5E003000F9D213;
					};
				};
			};
			buildConfigurationList = CC49D79B2D5E003000F9D213 /* Build configuration list for PBXProject "blankspace" */;
			developmentRegion = en;
			hasScannedForEncodings = 0;
			knownRegions = (
				en,
				Base,
			);
			mainGroup = CC49D7972D5E003000F9D213;
			minimizedProjectReferenceProxies = 1;
			preferredProjectObjectVersion = 77;
			productRefGroup = CC49D7A12D5E003000F9D213 /* Products */;
			projectDirPath = "";
			projectRoot = "";
			targets = (
				CC49D79F2D5E003000F9D213 /* blankspace */,
				CC49D7AF2D5E003100F9D213 /* blankspaceTests */,
				CC49D7B92D5E003100F9D213 /* blankspaceUITests */,
			);
		};
/* End PBXProject section */

/* Begin PBXResourcesBuildPhase section */
		CC49D79E2D5E003000F9D213 /* Resources */ = {
			isa = PBXResourcesBuildPhase;
			buildActionMask = 2147483647;
			files = (
			);
			runOnlyForDeploymentPostprocessing = 0;
		};
		CC49D7AE2D5E003100F9D213 /* Resources */ = {
			isa = PBXResourcesBuildPhase;
			buildActionMask = 2147483647;
			files = (
			);
			runOnlyForDeploymentPostprocessing = 0;
		};
		CC49D7B82D5E003100F9D213 /* Resources */ = {
			isa = PBXResourcesBuildPhase;
			buildActionMask = 2147483647;
			files = (
			);
			runOnlyForDeploymentPostprocessing = 0;
		};
/* End PBXResourcesBuildPhase section */

/* Begin PBXSourcesBuildPhase section */
		CC49D79C2D5E003000F9D213 /* Sources */ = {
			isa = PBXSourcesBuildPhase;
			buildActionMask = 2147483647;
			files = (
			);
			runOnlyForDeploymentPostprocessing = 0;
		};
		CC49D7AC2D5E003100F9D213 /* Sources */ = {
			isa = PBXSourcesBuildPhase;
			buildActionMask = 2147483647;
			files = (
			);
			runOnlyForDeploymentPostprocessing = 0;
		};
		CC49D7B62D5E003100F9D213 /* Sources */ = {
			isa = PBXSourcesBuildPhase;
			buildActionMask = 2147483647;
			files = (
			);
			runOnlyForDeploymentPostprocessing = 0;
		};
/* End PBXSourcesBuildPhase section */

/* Begin PBXTargetDependency section */
		CC49D7B22D5E003100F9D213 /* PBXTargetDependency */ = {
			isa = PBXTargetDependency;
			target = CC49D79F2D5E003000F9D213 /* blankspace */;
			targetProxy = CC49D7B12D5E003100F9D213 /* PBXContainerItemProxy */;
		};
		CC49D7BC2D5E003100F9D213 /* PBXTargetDependency */ = {
			isa = PBXTargetDependency;
			target = CC49D79F2D5E003000F9D213 /* blankspace */;
			targetProxy = CC49D7BB2D5E003100F9D213 /* PBXContainerItemProxy */;
		};
/* End PBXTargetDependency section */

/* Begin XCBuildConfiguration section */
		CC49D7C22D5E003100F9D213 /* Debug */ = {
			isa = XCBuildConfiguration;
			buildSettings = {
				ALWAYS_SEARCH_USER_PATHS = NO;
				ASSETCATALOG_COMPILER_GENERATE_SWIFT_ASSET_SYMBOL_EXTENSIONS = YES;
				CLANG_ANALYZER_NONNULL = YES;
				CLANG_ANALYZER_NUMBER_OBJECT_CONVERSION = YES_AGGRESSIVE;
				CLANG_CXX_LANGUAGE_STANDARD = "gnu++20";
				CLANG_ENABLE_MODULES = YES;
				CLANG_ENABLE_OBJC_ARC = YES;
				CLANG_ENABLE_OBJC_WEAK = YES;
				CLANG_WARN_BLOCK_CAPTURE_AUTORELEASING = YES;
				CLANG_WARN_BOOL_CONVERSION = YES;
				CLANG_WARN_COMMA = YES;
				CLANG_WARN_CONSTANT_CONVERSION = YES;
				CLANG_WARN_DEPRECATED_OBJC_IMPLEMENTATIONS = YES;
				CLANG_WARN_DIRECT_OBJC_ISA_USAGE = YES_ERROR;
				CLANG_WARN_DOCUMENTATION_COMMENTS = YES;
				CLANG_WARN_EMPTY_BODY = YES;
				CLANG_WARN_ENUM_CONVERSION = YES;
				CLANG_WARN_INFINITE_RECURSION = YES;
				CLANG_WARN_INT_CONVERSION = YES;
				CLANG_WARN_NON_LITERAL_NULL_CONVERSION = YES;
				CLANG_WARN_OBJC_IMPLICIT_RETAIN_SELF = YES;
				CLANG_WARN_OBJC_LITERAL_CONVERSION = YES;
				CLANG_WARN_OBJC_ROOT_CLASS = YES_ERROR;
				CLANG_WARN_QUOTED_INCLUDE_IN_FRAMEWORK_HEADER = YES;
				CLANG_WARN_RANGE_LOOP_ANALYSIS = YES;
				CLANG_WARN_STRICT_PROTOTYPES = YES;
				CLANG_WARN_SUSPICIOUS_MOVE = YES;
				CLANG_WARN_UNGUARDED_AVAILABILITY = YES_AGGRESSIVE;
				CLANG_WARN_UNREACHABLE_CODE = YES;
				CLANG_WARN__DUPLICATE_METHOD_MATCH = YES;
				COPY_PHASE_STRIP = NO;
				DEBUG_INFORMATION_FORMAT = dwarf;
				ENABLE_STRICT_OBJC_MSGSEND = YES;
				ENABLE_TESTABILITY = YES;
				ENABLE_USER_SCRIPT_SANDBOXING = YES;
				GCC_C_LANGUAGE_STANDARD = gnu17;
				GCC_DYNAMIC_NO_PIC = NO;
				GCC_NO_COMMON_BLOCKS = YES;
				GCC_OPTIMIZATION_LEVEL = 0;
				GCC_PREPROCESSOR_DEFINITIONS = (
					"DEBUG=1",
					"$(inherited)",
				);
				GCC_WARN_64_TO_32_BIT_CONVERSION = YES;
				GCC_WARN_ABOUT_RETURN_TYPE = YES_ERROR;
				GCC_WARN_UNDECLARED_SELECTOR = YES;
				GCC_WARN_UNINITIALIZED_AUTOS = YES_AGGRESSIVE;
				GCC_WARN_UNUSED_FUNCTION = YES;
				GCC_WARN_UNUSED_VARIABLE = YES;
				IPHONEOS_DEPLOYMENT_TARGET = 18.2;
				LOCALIZATION_PREFERS_STRING_CATALOGS = YES;
				MTL_ENABLE_DEBUG_INFO = INCLUDE_SOURCE;
				MTL_FAST_MATH = YES;
				ONLY_ACTIVE_ARCH = YES;
				SDKROOT = iphoneos;
				SWIFT_ACTIVE_COMPILATION_CONDITIONS = "DEBUG $(inherited)";
				SWIFT_OPTIMIZATION_LEVEL = "-Onone";
			};
			name = Debug;
		};
		CC49D7C32D5E003100F9D213 /* Release */ = {
			isa = XCBuildConfiguration;
			buildSettings = {
				ALWAYS_SEARCH_USER_PATHS = NO;
				ASSETCATALOG_COMPILER_GENERATE_SWIFT_ASSET_SYMBOL_EXTENSIONS = YES;
				CLANG_ANALYZER_NONNULL = YES;
				CLANG_ANALYZER_NUMBER_OBJECT_CONVERSION = YES_AGGRESSIVE;
				CLANG_CXX_LANGUAGE_STANDARD = "gnu++20";
				CLANG_ENABLE_MODULES = YES;
				CLANG_ENABLE_OBJC_ARC = YES;
				CLANG_ENABLE_OBJC_WEAK = YES;
				CLANG_WARN_BLOCK_CAPTURE_AUTORELEASING = YES;
				CLANG_WARN_BOOL_CONVERSION = YES;
				CLANG_WARN_COMMA = YES;
				CLANG_WARN_CONSTANT_CONVERSION = YES;
				CLANG_WARN_DEPRECATED_OBJC_IMPLEMENTATIONS = YES;
				CLANG_WARN_DIRECT_OBJC_ISA_USAGE = YES_ERROR;
				CLANG_WARN_DOCUMENTATION_COMMENTS = YES;
				CLANG_WARN_EMPTY_BODY = YES;
				CLANG_WARN_ENUM_CONVERSION = YES;
				CLANG_WARN_INFINITE_RECURSION = YES;
				CLANG_WARN_INT_CONVERSION = YES;
				CLANG_WARN_NON_LITERAL_NULL_CONVERSION = YES;
				CLANG_WARN_OBJC_IMPLICIT_RETAIN_SELF = YES;
				CLANG_WARN_OBJC_LITERAL_CONVERSION = YES;
				CLANG_WARN_OBJC_ROOT_CLASS = YES_ERROR;
				CLANG_WARN_QUOTED_INCLUDE_IN_FRAMEWORK_HEADER = YES;
				CLANG_WARN_RANGE_LOOP_ANALYSIS = YES;
				CLANG_WARN_STRICT_PROTOTYPES = YES;
				CLANG_WARN_SUSPICIOUS_MOVE = YES;
				CLANG_WARN_UNGUARDED_AVAILABILITY = YES_AGGRESSIVE;
				CLANG_WARN_UNREACHABLE_CODE = YES;
				CLANG_WARN__DUPLICATE_METHOD_MATCH = YES;
				COPY_PHASE_STRIP = NO;
				DEBUG_INFORMATION_FORMAT = "dwarf-with-dsym";
				ENABLE_NS_ASSERTIONS = NO;
				ENABLE_STRICT_OBJC_MSGSEND = YES;
				ENABLE_USER_SCRIPT_SANDBOXING = YES;
				GCC_C_LANGUAGE_STANDARD = gnu17;
				GCC_NO_COMMON_BLOCKS = YES;
				GCC_WARN_64_TO_32_BIT_CONVERSION = YES;
				GCC_WARN_ABOUT_RETURN_TYPE = YES_ERROR;
				GCC_WARN_UNDECLARED_SELECTOR = YES;
				GCC_WARN_UNINITIALIZED_AUTOS = YES_AGGRESSIVE;
				GCC_WARN_UNUSED_FUNCTION = YES;
				GCC_WARN_UNUSED_VARIABLE = YES;
				IPHONEOS_DEPLOYMENT_TARGET = 18.2;
				LOCALIZATION_PREFERS_STRING_CATALOGS = YES;
				MTL_ENABLE_DEBUG_INFO = NO;
				MTL_FAST_MATH = YES;
				SDKROOT = iphoneos;
				SWIFT_COMPILATION_MODE = wholemodule;
				VALIDATE_PRODUCT = YES;
			};
			name = Release;
		};
		CC49D7C52D5E003100F9D213 /* Debug */ = {
			isa = XCBuildConfiguration;
			buildSettings = {
				ASSETCATALOG_COMPILER_APPICON_NAME = AppIcon;
				ASSETCATALOG_COMPILER_GLOBAL_ACCENT_COLOR_NAME = AccentColor;
				CODE_SIGN_STYLE = Automatic;
				CURRENT_PROJECT_VERSION = 1;
				DEVELOPMENT_ASSET_PATHS = "\"blankspace/Preview Content\"";
				DEVELOPMENT_TEAM = LH45FV4TNM;
				ENABLE_PREVIEWS = YES;
				GENERATE_INFOPLIST_FILE = YES;
				INFOPLIST_KEY_UIApplicationSceneManifest_Generation = YES;
				INFOPLIST_KEY_UIApplicationSupportsIndirectInputEvents = YES;
				INFOPLIST_KEY_UILaunchScreen_Generation = YES;
				INFOPLIST_KEY_UISupportedInterfaceOrientations_iPad = "UIInterfaceOrientationPortrait UIInterfaceOrientationPortraitUpsideDown UIInterfaceOrientationLandscapeLeft UIInterfaceOrientationLandscapeRight";
				INFOPLIST_KEY_UISupportedInterfaceOrientations_iPhone = "UIInterfaceOrientationPortrait UIInterfaceOrientationLandscapeLeft UIInterfaceOrientationLandscapeRight";
				LD_RUNPATH_SEARCH_PATHS = (
					"$(inherited)",
					"@executable_path/Frameworks",
				);
				MARKETING_VERSION = 1.0;
				PRODUCT_BUNDLE_IDENTIFIER = org.comstudy.myapp.blankspace;
				PRODUCT_NAME = "$(TARGET_NAME)";
				SWIFT_EMIT_LOC_STRINGS = YES;
				SWIFT_VERSION = 5.0;
				TARGETED_DEVICE_FAMILY = "1,2";
			};
			name = Debug;
		};
		CC49D7C62D5E003100F9D213 /* Release */ = {
			isa = XCBuildConfiguration;
			buildSettings = {
				ASSETCATALOG_COMPILER_APPICON_NAME = AppIcon;
				ASSETCATALOG_COMPILER_GLOBAL_ACCENT_COLOR_NAME = AccentColor;
				CODE_SIGN_STYLE = Automatic;
				CURRENT_PROJECT_VERSION = 1;
				DEVELOPMENT_ASSET_PATHS = "\"blankspace/Preview Content\"";
				DEVELOPMENT_TEAM = LH45FV4TNM;
				ENABLE_PREVIEWS = YES;
				GENERATE_INFOPLIST_FILE = YES;
				INFOPLIST_KEY_UIApplicationSceneManifest_Generation = YES;
				INFOPLIST_KEY_UIApplicationSupportsIndirectInputEvents = YES;
				INFOPLIST_KEY_UILaunchScreen_Generation = YES;
				INFOPLIST_KEY_UISupportedInterfaceOrientations_iPad = "UIInterfaceOrientationPortrait UIInterfaceOrientationPortraitUpsideDown UIInterfaceOrientationLandscapeLeft UIInterfaceOrientationLandscapeRight";
				INFOPLIST_KEY_UISupportedInterfaceOrientations_iPhone = "UIInterfaceOrientationPortrait UIInterfaceOrientationLandscapeLeft UIInterfaceOrientationLandscapeRight";
				LD_RUNPATH_SEARCH_PATHS = (
					"$(inherited)",
					"@executable_path/Frameworks",
				);
				MARKETING_VERSION = 1.0;
				PRODUCT_BUNDLE_IDENTIFIER = org.comstudy.myapp.blankspace;
				PRODUCT_NAME = "$(TARGET_NAME)";
				SWIFT_EMIT_LOC_STRINGS = YES;
				SWIFT_VERSION = 5.0;
				TARGETED_DEVICE_FAMILY = "1,2";
			};
			name = Release;
		};
		CC49D7C82D5E003100F9D213 /* Debug */ = {
			isa = XCBuildConfiguration;
			buildSettings = {
				BUNDLE_LOADER = "$(TEST_HOST)";
				CODE_SIGN_STYLE = Automatic;
				CURRENT_PROJECT_VERSION = 1;
				DEVELOPMENT_TEAM = LH45FV4TNM;
				GENERATE_INFOPLIST_FILE = YES;
				IPHONEOS_DEPLOYMENT_TARGET = 18.2;
				MARKETING_VERSION = 1.0;
				PRODUCT_BUNDLE_IDENTIFIER = org.comstudy.myapp.blankspaceTests;
				PRODUCT_NAME = "$(TARGET_NAME)";
				SWIFT_EMIT_LOC_STRINGS = NO;
				SWIFT_VERSION = 5.0;
				TARGETED_DEVICE_FAMILY = "1,2";
				TEST_HOST = "$(BUILT_PRODUCTS_DIR)/blankspace.app/$(BUNDLE_EXECUTABLE_FOLDER_PATH)/blankspace";
			};
			name = Debug;
		};
		CC49D7C92D5E003100F9D213 /* Release */ = {
			isa = XCBuildConfiguration;
			buildSettings = {
				BUNDLE_LOADER = "$(TEST_HOST)";
				CODE_SIGN_STYLE = Automatic;
				CURRENT_PROJECT_VERSION = 1;
				DEVELOPMENT_TEAM = LH45FV4TNM;
				GENERATE_INFOPLIST_FILE = YES;
				IPHONEOS_DEPLOYMENT_TARGET = 18.2;
				MARKETING_VERSION = 1.0;
				PRODUCT_BUNDLE_IDENTIFIER = org.comstudy.myapp.blankspaceTests;
				PRODUCT_NAME = "$(TARGET_NAME)";
				SWIFT_EMIT_LOC_STRINGS = NO;
				SWIFT_VERSION = 5.0;
				TARGETED_DEVICE_FAMILY = "1,2";
				TEST_HOST = "$(BUILT_PRODUCTS_DIR)/blankspace.app/$(BUNDLE_EXECUTABLE_FOLDER_PATH)/blankspace";
			};
			name = Release;
		};
		CC49D7CB2D5E003100F9D213 /* Debug */ = {
			isa = XCBuildConfiguration;
			buildSettings = {
				CODE_SIGN_STYLE = Automatic;
				CURRENT_PROJECT_VERSION = 1;
				DEVELOPMENT_TEAM = LH45FV4TNM;
				GENERATE_INFOPLIST_FILE = YES;
				MARKETING_VERSION = 1.0;
				PRODUCT_BUNDLE_IDENTIFIER = org.comstudy.myapp.blankspaceUITests;
				PRODUCT_NAME = "$(TARGET_NAME)";
				SWIFT_EMIT_LOC_STRINGS = NO;
				SWIFT_VERSION = 5.0;
				TARGETED_DEVICE_FAMILY = "1,2";
				TEST_TARGET_NAME = blankspace;
			};
			name = Debug;
		};
		CC49D7CC2D5E003100F9D213 /* Release */ = {
			isa = XCBuildConfiguration;
			buildSettings = {
				CODE_SIGN_STYLE = Automatic;
				CURRENT_PROJECT_VERSION = 1;
				DEVELOPMENT_TEAM = LH45FV4TNM;
				GENERATE_INFOPLIST_FILE = YES;
				MARKETING_VERSION = 1.0;
				PRODUCT_BUNDLE_IDENTIFIER = org.comstudy.myapp.blankspaceUITests;
				PRODUCT_NAME = "$(TARGET_NAME)";
				SWIFT_EMIT_LOC_STRINGS = NO;
				SWIFT_VERSION = 5.0;
				TARGETED_DEVICE_FAMILY = "1,2";
				TEST_TARGET_NAME = blankspace;
			};
			name = Release;
		};
/* End XCBuildConfiguration section */

/* Begin XCConfigurationList section */
		CC49D79B2D5E003000F9D213 /* Build configuration list for PBXProject "blankspace" */ = {
			isa = XCConfigurationList;
			buildConfigurations = (
				CC49D7C22D5E003100F9D213 /* Debug */,
				CC49D7C32D5E003100F9D213 /* Release */,
			);
			defaultConfigurationIsVisible = 0;
			defaultConfigurationName = Release;
		};
		CC49D7C42D5E003100F9D213 /* Build configuration list for PBXNativeTarget "blankspace" */ = {
			isa = XCConfigurationList;
			buildConfigurations = (
				CC49D7C52D5E003100F9D213 /* Debug */,
				CC49D7C62D5E003100F9D213 /* Release */,
			);
			defaultConfigurationIsVisible = 0;
			defaultConfigurationName = Release;
		};
		CC49D7C72D5E003100F9D213 /* Build configuration list for PBXNativeTarget "blankspaceTests" */ = {
			isa = XCConfigurationList;
			buildConfigurations = (
				CC49D7C82D5E003100F9D213 /* Debug */,
				CC49D7C92D5E003100F9D213 /* Release */,
			);
			defaultConfigurationIsVisible = 0;
			defaultConfigurationName = Release;
		};
		CC49D7CA2D5E003100F9D213 /* Build configuration list for PBXNativeTarget "blankspaceUITests" */ = {
			isa = XCConfigurationList;
			buildConfigurations = (
				CC49D7CB2D5E003100F9D213 /* Debug */,
				CC49D7CC2D5E003100F9D213 /* Release */,
			);
			defaultConfigurationIsVisible = 0;
			defaultConfigurationName = Release;
		};
/* End XCConfigurationList section */
	};
	rootObject = CC49D7982D5E003000F9D213 /* Project object */;
}
